
Microsoft Visual Studio Solution File, Format Version 10.00
# Visual Studio 2008
Project("{FAE04EC0-301F-11D3-BF4B-00C04F79EFBC}") = "WPF_AudioTest", "WPF_AudioTest.csproj", "{AE68E0E1-E9F8-4B0C-A3A4-378C286B8A70}"
EndProject
Project("{FAE04EC0-301F-11D3-BF4B-00C04F79EFBC}") = "UrakawaSDK.core", "Z:\Sources\daisy\urakawa-sdk\trunk\csharp\core\UrakawaSDK.core.csproj", "{7176AEC6-D8DD-46F2-B28E-5D9E0601ADB9}"
EndProject
Project("{FAE04EC0-301F-11D3-BF4B-00C04F79EFBC}") = "AudioLib", "Z:\Sources\daisy\urakawa-sdk\trunk\csharp\audio\AudioLib\AudioLib.csproj", "{6EE8E00A-DB7C-41A7-BC66-527CB4C08D83}"
EndProject
Project("{FAE04EC0-301F-11D3-BF4B-00C04F79EFBC}") = "PPMeter", "Z:\Sources\daisy\urakawa-sdk\trunk\csharp\audio\PPMeter\PPMeter.csproj", "{58C576A9-CEBA-4274-A643-5867D377FEA3}"
EndProject
Global
	GlobalSection(SolutionConfigurationPlatforms) = preSolution
		Debug|Any CPU = Debug|Any CPU
		Minimal Debug|Any CPU = Minimal Debug|Any CPU
		Release|Any CPU = Release|Any CPU
	EndGlobalSection
	GlobalSection(ProjectConfigurationPlatforms) = postSolution
		{AE68E0E1-E9F8-4B0C-A3A4-378C286B8A70}.Debug|Any CPU.ActiveCfg = Debug|Any CPU
		{AE68E0E1-E9F8-4B0C-A3A4-378C286B8A70}.Debug|Any CPU.Build.0 = Debug|Any CPU
		{AE68E0E1-E9F8-4B0C-A3A4-378C286B8A70}.Minimal Debug|Any CPU.ActiveCfg = Debug|Any CPU
		{AE68E0E1-E9F8-4B0C-A3A4-378C286B8A70}.Minimal Debug|Any CPU.Build.0 = Debug|Any CPU
		{AE68E0E1-E9F8-4B0C-A3A4-378C286B8A70}.Release|Any CPU.ActiveCfg = Release|Any CPU
		{AE68E0E1-E9F8-4B0C-A3A4-378C286B8A70}.Release|Any CPU.Build.0 = Release|Any CPU
		{7176AEC6-D8DD-46F2-B28E-5D9E0601ADB9}.Debug|Any CPU.ActiveCfg = Debug|Any CPU
		{7176AEC6-D8DD-46F2-B28E-5D9E0601ADB9}.Debug|Any CPU.Build.0 = Debug|Any CPU
		{7176AEC6-D8DD-46F2-B28E-5D9E0601ADB9}.Minimal Debug|Any CPU.ActiveCfg = Minimal Debug|Any CPU
		{7176AEC6-D8DD-46F2-B28E-5D9E0601ADB9}.Minimal Debug|Any CPU.Build.0 = Minimal Debug|Any CPU
		{7176AEC6-D8DD-46F2-B28E-5D9E0601ADB9}.Release|Any CPU.ActiveCfg = Release|Any CPU
		{7176AEC6-D8DD-46F2-B28E-5D9E0601ADB9}.Release|Any CPU.Build.0 = Release|Any CPU
		{6EE8E00A-DB7C-41A7-BC66-527CB4C08D83}.Debug|Any CPU.ActiveCfg = Debug|Any CPU
		{6EE8E00A-DB7C-41A7-BC66-527CB4C08D83}.Debug|Any CPU.Build.0 = Debug|Any CPU
		{6EE8E00A-DB7C-41A7-BC66-527CB4C08D83}.Minimal Debug|Any CPU.ActiveCfg = Debug|Any CPU
		{6EE8E00A-DB7C-41A7-BC66-527CB4C08D83}.Minimal Debug|Any CPU.Build.0 = Debug|Any CPU
		{6EE8E00A-DB7C-41A7-BC66-527CB4C08D83}.Release|Any CPU.ActiveCfg = Release|Any CPU
		{6EE8E00A-DB7C-41A7-BC66-527CB4C08D83}.Release|Any CPU.Build.0 = Release|Any CPU
		{58C576A9-CEBA-4274-A643-5867D377FEA3}.Debug|Any CPU.ActiveCfg = Debug|Any CPU
		{58C576A9-CEBA-4274-A643-5867D377FEA3}.Debug|Any CPU.Build.0 = Debug|Any CPU
		{58C576A9-CEBA-4274-A643-5867D377FEA3}.Minimal Debug|Any CPU.ActiveCfg = Debug|Any CPU
		{58C576A9-CEBA-4274-A643-5867D377FEA3}.Minimal Debug|Any CPU.Build.0 = Debug|Any CPU
		{58C576A9-CEBA-4274-A643-5867D377FEA3}.Release|Any CPU.ActiveCfg = Release|Any CPU
		{58C576A9-CEBA-4274-A643-5867D377FEA3}.Release|Any CPU.Build.0 = Release|Any CPU
	EndGlobalSection
	GlobalSection(SolutionProperties) = preSolution
		HideSolutionNode = FALSE
	EndGlobalSection
EndGlobal
