
Microsoft Visual Studio Solution File, Format Version 11.00
# Visual Studio 2010
Project("{FAE04EC0-301F-11D3-BF4B-00C04F79EFBC}") = "Tobi", "Tobi.csproj", "{64F90229-5944-4DBB-96A0-0E09E6BF5997}"
	ProjectSection(ProjectDependencies) = postProject
		{7EFFCF20-A1AA-4668-A34C-A933C22FEEBA} = {7EFFCF20-A1AA-4668-A34C-A933C22FEEBA}
		{CA624531-B5E6-4F6C-96E5-7B00DE9680FE} = {CA624531-B5E6-4F6C-96E5-7B00DE9680FE}
		{17831F3B-6B82-4916-BD2B-2CE2071EA622} = {17831F3B-6B82-4916-BD2B-2CE2071EA622}
		{77138947-1D13-4E22-AEE0-5D0DD046CA34} = {77138947-1D13-4E22-AEE0-5D0DD046CA34}
		{698E4C51-9506-4CC5-94E2-31F5FD90532E} = {698E4C51-9506-4CC5-94E2-31F5FD90532E}
		{2BA3495E-8895-4D67-866C-C60BBA3C08D5} = {2BA3495E-8895-4D67-866C-C60BBA3C08D5}
		{7CCD52F9-C801-4C2B-AA9D-B7E217F307A0} = {7CCD52F9-C801-4C2B-AA9D-B7E217F307A0}
		{526DAED8-C818-49B3-ADCB-9FBE44AA7088} = {526DAED8-C818-49B3-ADCB-9FBE44AA7088}
	EndProjectSection
EndProject
Project("{FAE04EC0-301F-11D3-BF4B-00C04F79EFBC}") = "Tobi.Infrastructure", "Tobi.Infrastructure\Tobi.Infrastructure.csproj", "{698E4C51-9506-4CC5-94E2-31F5FD90532E}"
EndProject
Project("{FAE04EC0-301F-11D3-BF4B-00C04F79EFBC}") = "Lib.Composite", "ExternalLibs\CAL\Composite\Lib.Composite.csproj", "{77138947-1D13-4E22-AEE0-5D0DD046CA34}"
EndProject
Project("{FAE04EC0-301F-11D3-BF4B-00C04F79EFBC}") = "Lib.Composite.UnityExtensions", "ExternalLibs\CAL\Composite.UnityExtensions\Lib.Composite.UnityExtensions.csproj", "{17831F3B-6B82-4916-BD2B-2CE2071EA622}"
	ProjectSection(ProjectDependencies) = postProject
		{77138947-1D13-4E22-AEE0-5D0DD046CA34} = {77138947-1D13-4E22-AEE0-5D0DD046CA34}
	EndProjectSection
EndProject
Project("{FAE04EC0-301F-11D3-BF4B-00C04F79EFBC}") = "Tobi.Plugin.MenuBar", "Tobi.Modules.MenuBar\Tobi.Plugin.MenuBar.csproj", "{526DAED8-C818-49B3-ADCB-9FBE44AA7088}"
	ProjectSection(ProjectDependencies) = postProject
		{698E4C51-9506-4CC5-94E2-31F5FD90532E} = {698E4C51-9506-4CC5-94E2-31F5FD90532E}
	EndProjectSection
EndProject
Project("{FAE04EC0-301F-11D3-BF4B-00C04F79EFBC}") = "Tobi.Plugin.NavigationPane", "Tobi.Modules.NavigationPane\Tobi.Plugin.NavigationPane.csproj", "{7EFFCF20-A1AA-4668-A34C-A933C22FEEBA}"
	ProjectSection(ProjectDependencies) = postProject
		{698E4C51-9506-4CC5-94E2-31F5FD90532E} = {698E4C51-9506-4CC5-94E2-31F5FD90532E}
	EndProjectSection
EndProject
Project("{FAE04EC0-301F-11D3-BF4B-00C04F79EFBC}") = "Tobi.Plugin.DocumentPane", "Tobi.Modules.DocumentPane\Tobi.Plugin.DocumentPane.csproj", "{0C5E9D1D-FC0F-4DC4-A4A5-32FEAF08349F}"
	ProjectSection(ProjectDependencies) = postProject
		{698E4C51-9506-4CC5-94E2-31F5FD90532E} = {698E4C51-9506-4CC5-94E2-31F5FD90532E}
	EndProjectSection
EndProject
Project("{FAE04EC0-301F-11D3-BF4B-00C04F79EFBC}") = "Tobi.Plugin.ToolBars", "Tobi.Modules.ToolBars\Tobi.Plugin.ToolBars.csproj", "{2BA3495E-8895-4D67-866C-C60BBA3C08D5}"
	ProjectSection(ProjectDependencies) = postProject
		{698E4C51-9506-4CC5-94E2-31F5FD90532E} = {698E4C51-9506-4CC5-94E2-31F5FD90532E}
	EndProjectSection
EndProject
Project("{FAE04EC0-301F-11D3-BF4B-00C04F79EFBC}") = "Tobi.Plugin.AudioPane", "Tobi.Modules.AudioPane\Tobi.Plugin.AudioPane.csproj", "{CA624531-B5E6-4F6C-96E5-7B00DE9680FE}"
	ProjectSection(ProjectDependencies) = postProject
		{698E4C51-9506-4CC5-94E2-31F5FD90532E} = {698E4C51-9506-4CC5-94E2-31F5FD90532E}
	EndProjectSection
EndProject
Project("{FAE04EC0-301F-11D3-BF4B-00C04F79EFBC}") = "UrakawaSDK.core", "..\..\..\urakawa-sdk\trunk\csharp\core\UrakawaSDK.core.csproj", "{7CCD52F9-C801-4C2B-AA9D-B7E217F307A0}"
EndProject
Project("{FAE04EC0-301F-11D3-BF4B-00C04F79EFBC}") = "Lib.Composite.Presentation", "ExternalLibs\CAL\Composite.Presentation\Lib.Composite.Presentation.csproj", "{A957D686-369A-4FFD-B8EC-0611741C9E41}"
EndProject
Project("{FAE04EC0-301F-11D3-BF4B-00C04F79EFBC}") = "AudioLib", "..\..\..\urakawa-sdk\trunk\csharp\audio\AudioLib\AudioLib.csproj", "{6EE8E00A-DB7C-41A7-BC66-527CB4C08D83}"
EndProject
Project("{FAE04EC0-301F-11D3-BF4B-00C04F79EFBC}") = "NAudio", "..\..\..\urakawa-sdk\trunk\csharp\audio\NAudio\NAudio.csproj", "{DA4F02E3-0B5E-42CD-B8D9-5583FA51D66E}"
EndProject
Project("{FAE04EC0-301F-11D3-BF4B-00C04F79EFBC}") = "Mp3Sharp", "..\..\..\urakawa-sdk\trunk\csharp\audio\mp3-sharp\Mp3Sharp.csproj", "{834CAB58-648D-47CC-AC6F-D01C08C809A4}"
EndProject
Project("{FAE04EC0-301F-11D3-BF4B-00C04F79EFBC}") = "Tobi.Plugin.MetadataPane", "Tobi.Modules.MetadataPane\Tobi.Plugin.MetadataPane.csproj", "{F6516FB8-325F-43D5-AE86-01367B0F6181}"
EndProject
Project("{FAE04EC0-301F-11D3-BF4B-00C04F79EFBC}") = "Lib.ICSharpCode", "ExternalLibs\ICSharpCode\Lib.ICSharpCode.csproj", "{CB23BC6E-0493-482A-89B9-DD2E2FA4E97D}"
EndProject
Project("{FAE04EC0-301F-11D3-BF4B-00C04F79EFBC}") = "Tobi.Plugin.Urakawa", "Tobi.Modules.Urakawa\Tobi.Plugin.Urakawa.csproj", "{2BA3495E-8895-4D67-866C-C60BCA3C08A6}"
EndProject
Project("{FAE04EC0-301F-11D3-BF4B-00C04F79EFBC}") = "Tobi.Common", "Tobi.Common\Tobi.Common.csproj", "{3C21BB69-0F81-47D2-88E6-E4C08AD1460B}"
EndProject
Project("{FAE04EC0-301F-11D3-BF4B-00C04F79EFBC}") = "Lib.MEF", "ExternalLibs\MEF\Lib.MEF.csproj", "{A36AEF66-2411-4225-B68E-F2D29368A31B}"
EndProject
Project("{FAE04EC0-301F-11D3-BF4B-00C04F79EFBC}") = "Lib.MEF_Unity", "ExternalLibs\MEF_Unity\Lib.MEF_Unity.csproj", "{24A770F8-AF0E-400F-8ABB-3FD68617103E}"
EndProject
Project("{FAE04EC0-301F-11D3-BF4B-00C04F79EFBC}") = "Tobi.Plugin.Validator", "Tobi.Modules.Validator\Tobi.Plugin.Validator.csproj", "{F5302B20-CB41-4E2E-AB1D-AB4EC0AB8DB4}"
EndProject
Project("{FAE04EC0-301F-11D3-BF4B-00C04F79EFBC}") = "Tobi.Plugin.Validator.Metadata", "Tobi.Modules.Validator.Metadata\Tobi.Plugin.Validator.Metadata.csproj", "{341678A8-F3B5-43BF-8505-69B4ED969B53}"
EndProject
Project("{FAE04EC0-301F-11D3-BF4B-00C04F79EFBC}") = "DTDs", "..\..\..\urakawa-sdk\trunk\csharp\dtds\DTDs.csproj", "{3393A6E2-BB27-4D53-ACAA-629723D51F5E}"
EndProject
Project("{FAE04EC0-301F-11D3-BF4B-00C04F79EFBC}") = "UrakawaSDK.daisy", "..\..\..\urakawa-sdk\trunk\csharp\daisy\UrakawaSDK.daisy.csproj", "{69E083B4-AC97-4416-B7D4-61DEBA8A910D}"
EndProject
Project("{FAE04EC0-301F-11D3-BF4B-00C04F79EFBC}") = "Tobi.Plugin.Settings", "Tobi.Modules.Settings\Tobi.Plugin.Settings.csproj", "{5D599BFC-AA17-4D94-9BE6-6D369E214167}"
EndProject
Project("{FAE04EC0-301F-11D3-BF4B-00C04F79EFBC}") = "DtdSharp", "ExternalLibs\DtdSharp\DtdSharp.csproj", "{85655D56-6C48-4F93-AD3A-D0DEA9A79B1C}"
EndProject
Project("{FAE04EC0-301F-11D3-BF4B-00C04F79EFBC}") = "Tobi.Plugin.Validator.ContentDocument", "Tobi.Modules.Validator.ContentDocument\Tobi.Plugin.Validator.ContentDocument.csproj", "{4A42D266-BA34-4C4D-BE37-EA49CE6AABAB}"
EndProject
Project("{FAE04EC0-301F-11D3-BF4B-00C04F79EFBC}") = "Tobi.Plugin.StructureTrailPane", "Tobi.Modules.StructureTrailPane\Tobi.Plugin.StructureTrailPane.csproj", "{620875F9-EE80-4D08-A603-C4347657E561}"
EndProject
Project("{FAE04EC0-301F-11D3-BF4B-00C04F79EFBC}") = "Tobi.Plugin.MenuBarDebug", "Tobi.Modules.MenuBarDebug\Tobi.Plugin.MenuBarDebug.csproj", "{74D1ED8A-5830-407C-9878-1ABFFC12E08F}"
EndProject
Project("{FAE04EC0-301F-11D3-BF4B-00C04F79EFBC}") = "Tobi.Plugin.Validator.MissingAudio", "Tobi.Modules.Validator.MissingAudio\Tobi.Plugin.Validator.MissingAudio.csproj", "{EB2751C7-1A3D-441B-9EA3-96B7022900B8}"
EndProject
Project("{FAE04EC0-301F-11D3-BF4B-00C04F79EFBC}") = "Lib.Unity2", "ExternalLibs\CAL\Unity2\Lib.Unity2.csproj", "{8C5E8E92-D5D6-4A54-B382-0D675FE052EB}"
EndProject
Project("{FAE04EC0-301F-11D3-BF4B-00C04F79EFBC}") = "Lib.ServiceLocation", "ExternalLibs\ServiceLocation\Lib.ServiceLocation.csproj", "{FAF6D6B2-1EC9-4A1B-83BB-48F772E948CF}"
EndProject
Project("{FAE04EC0-301F-11D3-BF4B-00C04F79EFBC}") = "Tobi.Plugin.Descriptions", "Tobi.Modules.Descriptions\Tobi.Plugin.Descriptions.csproj", "{F21BA164-A132-45B8-B058-90D0E948BD88}"
EndProject
Global
	GlobalSection(SolutionConfigurationPlatforms) = preSolution
		Debug|Any CPU = Debug|Any CPU
		Minimal Debug|Any CPU = Minimal Debug|Any CPU
		Release with Code Analysis|Any CPU = Release with Code Analysis|Any CPU
		Release|Any CPU = Release|Any CPU
		test|Any CPU = test|Any CPU
	EndGlobalSection
	GlobalSection(ProjectConfigurationPlatforms) = postSolution
		{64F90229-5944-4DBB-96A0-0E09E6BF5997}.Debug|Any CPU.ActiveCfg = Debug|Any CPU
		{64F90229-5944-4DBB-96A0-0E09E6BF5997}.Debug|Any CPU.Build.0 = Debug|Any CPU
		{64F90229-5944-4DBB-96A0-0E09E6BF5997}.Minimal Debug|Any CPU.ActiveCfg = Debug|Any CPU
		{64F90229-5944-4DBB-96A0-0E09E6BF5997}.Minimal Debug|Any CPU.Build.0 = Debug|Any CPU
		{64F90229-5944-4DBB-96A0-0E09E6BF5997}.Release with Code Analysis|Any CPU.ActiveCfg = Release|Any CPU
		{64F90229-5944-4DBB-96A0-0E09E6BF5997}.Release with Code Analysis|Any CPU.Build.0 = Release|Any CPU
		{64F90229-5944-4DBB-96A0-0E09E6BF5997}.Release|Any CPU.ActiveCfg = Release|Any CPU
		{64F90229-5944-4DBB-96A0-0E09E6BF5997}.Release|Any CPU.Build.0 = Release|Any CPU
		{64F90229-5944-4DBB-96A0-0E09E6BF5997}.test|Any CPU.ActiveCfg = Release|Any CPU
		{64F90229-5944-4DBB-96A0-0E09E6BF5997}.test|Any CPU.Build.0 = Release|Any CPU
		{698E4C51-9506-4CC5-94E2-31F5FD90532E}.Debug|Any CPU.ActiveCfg = Debug|Any CPU
		{698E4C51-9506-4CC5-94E2-31F5FD90532E}.Debug|Any CPU.Build.0 = Debug|Any CPU
		{698E4C51-9506-4CC5-94E2-31F5FD90532E}.Minimal Debug|Any CPU.ActiveCfg = Debug|Any CPU
		{698E4C51-9506-4CC5-94E2-31F5FD90532E}.Minimal Debug|Any CPU.Build.0 = Debug|Any CPU
		{698E4C51-9506-4CC5-94E2-31F5FD90532E}.Release with Code Analysis|Any CPU.ActiveCfg = Release|Any CPU
		{698E4C51-9506-4CC5-94E2-31F5FD90532E}.Release with Code Analysis|Any CPU.Build.0 = Release|Any CPU
		{698E4C51-9506-4CC5-94E2-31F5FD90532E}.Release|Any CPU.ActiveCfg = Release|Any CPU
		{698E4C51-9506-4CC5-94E2-31F5FD90532E}.Release|Any CPU.Build.0 = Release|Any CPU
		{698E4C51-9506-4CC5-94E2-31F5FD90532E}.test|Any CPU.ActiveCfg = Release|Any CPU
		{698E4C51-9506-4CC5-94E2-31F5FD90532E}.test|Any CPU.Build.0 = Release|Any CPU
		{77138947-1D13-4E22-AEE0-5D0DD046CA34}.Debug|Any CPU.ActiveCfg = Debug|Any CPU
		{77138947-1D13-4E22-AEE0-5D0DD046CA34}.Debug|Any CPU.Build.0 = Debug|Any CPU
		{77138947-1D13-4E22-AEE0-5D0DD046CA34}.Minimal Debug|Any CPU.ActiveCfg = Debug|Any CPU
		{77138947-1D13-4E22-AEE0-5D0DD046CA34}.Minimal Debug|Any CPU.Build.0 = Debug|Any CPU
		{77138947-1D13-4E22-AEE0-5D0DD046CA34}.Release with Code Analysis|Any CPU.ActiveCfg = Release|Any CPU
		{77138947-1D13-4E22-AEE0-5D0DD046CA34}.Release with Code Analysis|Any CPU.Build.0 = Release|Any CPU
		{77138947-1D13-4E22-AEE0-5D0DD046CA34}.Release|Any CPU.ActiveCfg = Release|Any CPU
		{77138947-1D13-4E22-AEE0-5D0DD046CA34}.Release|Any CPU.Build.0 = Release|Any CPU
		{77138947-1D13-4E22-AEE0-5D0DD046CA34}.test|Any CPU.ActiveCfg = Release|Any CPU
		{77138947-1D13-4E22-AEE0-5D0DD046CA34}.test|Any CPU.Build.0 = Release|Any CPU
		{17831F3B-6B82-4916-BD2B-2CE2071EA622}.Debug|Any CPU.ActiveCfg = Debug|Any CPU
		{17831F3B-6B82-4916-BD2B-2CE2071EA622}.Debug|Any CPU.Build.0 = Debug|Any CPU
		{17831F3B-6B82-4916-BD2B-2CE2071EA622}.Minimal Debug|Any CPU.ActiveCfg = Debug|Any CPU
		{17831F3B-6B82-4916-BD2B-2CE2071EA622}.Minimal Debug|Any CPU.Build.0 = Debug|Any CPU
		{17831F3B-6B82-4916-BD2B-2CE2071EA622}.Release with Code Analysis|Any CPU.ActiveCfg = Release|Any CPU
		{17831F3B-6B82-4916-BD2B-2CE2071EA622}.Release with Code Analysis|Any CPU.Build.0 = Release|Any CPU
		{17831F3B-6B82-4916-BD2B-2CE2071EA622}.Release|Any CPU.ActiveCfg = Release|Any CPU
		{17831F3B-6B82-4916-BD2B-2CE2071EA622}.Release|Any CPU.Build.0 = Release|Any CPU
		{17831F3B-6B82-4916-BD2B-2CE2071EA622}.test|Any CPU.ActiveCfg = Release|Any CPU
		{17831F3B-6B82-4916-BD2B-2CE2071EA622}.test|Any CPU.Build.0 = Release|Any CPU
		{526DAED8-C818-49B3-ADCB-9FBE44AA7088}.Debug|Any CPU.ActiveCfg = Debug|Any CPU
		{526DAED8-C818-49B3-ADCB-9FBE44AA7088}.Debug|Any CPU.Build.0 = Debug|Any CPU
		{526DAED8-C818-49B3-ADCB-9FBE44AA7088}.Minimal Debug|Any CPU.ActiveCfg = Debug|Any CPU
		{526DAED8-C818-49B3-ADCB-9FBE44AA7088}.Minimal Debug|Any CPU.Build.0 = Debug|Any CPU
		{526DAED8-C818-49B3-ADCB-9FBE44AA7088}.Release with Code Analysis|Any CPU.ActiveCfg = Release|Any CPU
		{526DAED8-C818-49B3-ADCB-9FBE44AA7088}.Release with Code Analysis|Any CPU.Build.0 = Release|Any CPU
		{526DAED8-C818-49B3-ADCB-9FBE44AA7088}.Release|Any CPU.ActiveCfg = Release|Any CPU
		{526DAED8-C818-49B3-ADCB-9FBE44AA7088}.Release|Any CPU.Build.0 = Release|Any CPU
		{526DAED8-C818-49B3-ADCB-9FBE44AA7088}.test|Any CPU.ActiveCfg = Release|Any CPU
		{526DAED8-C818-49B3-ADCB-9FBE44AA7088}.test|Any CPU.Build.0 = Release|Any CPU
		{7EFFCF20-A1AA-4668-A34C-A933C22FEEBA}.Debug|Any CPU.ActiveCfg = Debug|Any CPU
		{7EFFCF20-A1AA-4668-A34C-A933C22FEEBA}.Debug|Any CPU.Build.0 = Debug|Any CPU
		{7EFFCF20-A1AA-4668-A34C-A933C22FEEBA}.Minimal Debug|Any CPU.ActiveCfg = Debug|Any CPU
		{7EFFCF20-A1AA-4668-A34C-A933C22FEEBA}.Minimal Debug|Any CPU.Build.0 = Debug|Any CPU
		{7EFFCF20-A1AA-4668-A34C-A933C22FEEBA}.Release with Code Analysis|Any CPU.ActiveCfg = Release|Any CPU
		{7EFFCF20-A1AA-4668-A34C-A933C22FEEBA}.Release with Code Analysis|Any CPU.Build.0 = Release|Any CPU
		{7EFFCF20-A1AA-4668-A34C-A933C22FEEBA}.Release|Any CPU.ActiveCfg = Release|Any CPU
		{7EFFCF20-A1AA-4668-A34C-A933C22FEEBA}.Release|Any CPU.Build.0 = Release|Any CPU
		{7EFFCF20-A1AA-4668-A34C-A933C22FEEBA}.test|Any CPU.ActiveCfg = Release|Any CPU
		{7EFFCF20-A1AA-4668-A34C-A933C22FEEBA}.test|Any CPU.Build.0 = Release|Any CPU
		{0C5E9D1D-FC0F-4DC4-A4A5-32FEAF08349F}.Debug|Any CPU.ActiveCfg = Debug|Any CPU
		{0C5E9D1D-FC0F-4DC4-A4A5-32FEAF08349F}.Debug|Any CPU.Build.0 = Debug|Any CPU
		{0C5E9D1D-FC0F-4DC4-A4A5-32FEAF08349F}.Minimal Debug|Any CPU.ActiveCfg = Debug|Any CPU
		{0C5E9D1D-FC0F-4DC4-A4A5-32FEAF08349F}.Minimal Debug|Any CPU.Build.0 = Debug|Any CPU
		{0C5E9D1D-FC0F-4DC4-A4A5-32FEAF08349F}.Release with Code Analysis|Any CPU.ActiveCfg = Release|Any CPU
		{0C5E9D1D-FC0F-4DC4-A4A5-32FEAF08349F}.Release with Code Analysis|Any CPU.Build.0 = Release|Any CPU
		{0C5E9D1D-FC0F-4DC4-A4A5-32FEAF08349F}.Release|Any CPU.ActiveCfg = Release|Any CPU
		{0C5E9D1D-FC0F-4DC4-A4A5-32FEAF08349F}.Release|Any CPU.Build.0 = Release|Any CPU
		{0C5E9D1D-FC0F-4DC4-A4A5-32FEAF08349F}.test|Any CPU.ActiveCfg = Release|Any CPU
		{0C5E9D1D-FC0F-4DC4-A4A5-32FEAF08349F}.test|Any CPU.Build.0 = Release|Any CPU
		{2BA3495E-8895-4D67-866C-C60BBA3C08D5}.Debug|Any CPU.ActiveCfg = Debug|Any CPU
		{2BA3495E-8895-4D67-866C-C60BBA3C08D5}.Debug|Any CPU.Build.0 = Debug|Any CPU
		{2BA3495E-8895-4D67-866C-C60BBA3C08D5}.Minimal Debug|Any CPU.ActiveCfg = Debug|Any CPU
		{2BA3495E-8895-4D67-866C-C60BBA3C08D5}.Minimal Debug|Any CPU.Build.0 = Debug|Any CPU
		{2BA3495E-8895-4D67-866C-C60BBA3C08D5}.Release with Code Analysis|Any CPU.ActiveCfg = Release|Any CPU
		{2BA3495E-8895-4D67-866C-C60BBA3C08D5}.Release with Code Analysis|Any CPU.Build.0 = Release|Any CPU
		{2BA3495E-8895-4D67-866C-C60BBA3C08D5}.Release|Any CPU.ActiveCfg = Release|Any CPU
		{2BA3495E-8895-4D67-866C-C60BBA3C08D5}.Release|Any CPU.Build.0 = Release|Any CPU
		{2BA3495E-8895-4D67-866C-C60BBA3C08D5}.test|Any CPU.ActiveCfg = Release|Any CPU
		{2BA3495E-8895-4D67-866C-C60BBA3C08D5}.test|Any CPU.Build.0 = Release|Any CPU
		{CA624531-B5E6-4F6C-96E5-7B00DE9680FE}.Debug|Any CPU.ActiveCfg = Debug|Any CPU
		{CA624531-B5E6-4F6C-96E5-7B00DE9680FE}.Debug|Any CPU.Build.0 = Debug|Any CPU
		{CA624531-B5E6-4F6C-96E5-7B00DE9680FE}.Minimal Debug|Any CPU.ActiveCfg = Debug|Any CPU
		{CA624531-B5E6-4F6C-96E5-7B00DE9680FE}.Minimal Debug|Any CPU.Build.0 = Debug|Any CPU
		{CA624531-B5E6-4F6C-96E5-7B00DE9680FE}.Release with Code Analysis|Any CPU.ActiveCfg = Release|Any CPU
		{CA624531-B5E6-4F6C-96E5-7B00DE9680FE}.Release with Code Analysis|Any CPU.Build.0 = Release|Any CPU
		{CA624531-B5E6-4F6C-96E5-7B00DE9680FE}.Release|Any CPU.ActiveCfg = Release|Any CPU
		{CA624531-B5E6-4F6C-96E5-7B00DE9680FE}.Release|Any CPU.Build.0 = Release|Any CPU
		{CA624531-B5E6-4F6C-96E5-7B00DE9680FE}.test|Any CPU.ActiveCfg = Release|Any CPU
		{CA624531-B5E6-4F6C-96E5-7B00DE9680FE}.test|Any CPU.Build.0 = Release|Any CPU
		{7CCD52F9-C801-4C2B-AA9D-B7E217F307A0}.Debug|Any CPU.ActiveCfg = Debug|Any CPU
		{7CCD52F9-C801-4C2B-AA9D-B7E217F307A0}.Debug|Any CPU.Build.0 = Debug|Any CPU
		{7CCD52F9-C801-4C2B-AA9D-B7E217F307A0}.Minimal Debug|Any CPU.ActiveCfg = Minimal Debug|Any CPU
		{7CCD52F9-C801-4C2B-AA9D-B7E217F307A0}.Minimal Debug|Any CPU.Build.0 = Minimal Debug|Any CPU
		{7CCD52F9-C801-4C2B-AA9D-B7E217F307A0}.Release with Code Analysis|Any CPU.ActiveCfg = Release|Any CPU
		{7CCD52F9-C801-4C2B-AA9D-B7E217F307A0}.Release with Code Analysis|Any CPU.Build.0 = Release|Any CPU
		{7CCD52F9-C801-4C2B-AA9D-B7E217F307A0}.Release|Any CPU.ActiveCfg = Release|Any CPU
		{7CCD52F9-C801-4C2B-AA9D-B7E217F307A0}.Release|Any CPU.Build.0 = Release|Any CPU
		{7CCD52F9-C801-4C2B-AA9D-B7E217F307A0}.test|Any CPU.ActiveCfg = Minimal Debug|Any CPU
		{7CCD52F9-C801-4C2B-AA9D-B7E217F307A0}.test|Any CPU.Build.0 = Minimal Debug|Any CPU
		{A957D686-369A-4FFD-B8EC-0611741C9E41}.Debug|Any CPU.ActiveCfg = Debug|Any CPU
		{A957D686-369A-4FFD-B8EC-0611741C9E41}.Debug|Any CPU.Build.0 = Debug|Any CPU
		{A957D686-369A-4FFD-B8EC-0611741C9E41}.Minimal Debug|Any CPU.ActiveCfg = Debug|Any CPU
		{A957D686-369A-4FFD-B8EC-0611741C9E41}.Minimal Debug|Any CPU.Build.0 = Debug|Any CPU
		{A957D686-369A-4FFD-B8EC-0611741C9E41}.Release with Code Analysis|Any CPU.ActiveCfg = Release|Any CPU
		{A957D686-369A-4FFD-B8EC-0611741C9E41}.Release with Code Analysis|Any CPU.Build.0 = Release|Any CPU
		{A957D686-369A-4FFD-B8EC-0611741C9E41}.Release|Any CPU.ActiveCfg = Release|Any CPU
		{A957D686-369A-4FFD-B8EC-0611741C9E41}.Release|Any CPU.Build.0 = Release|Any CPU
		{A957D686-369A-4FFD-B8EC-0611741C9E41}.test|Any CPU.ActiveCfg = Release|Any CPU
		{A957D686-369A-4FFD-B8EC-0611741C9E41}.test|Any CPU.Build.0 = Release|Any CPU
		{6EE8E00A-DB7C-41A7-BC66-527CB4C08D83}.Debug|Any CPU.ActiveCfg = Debug|Any CPU
		{6EE8E00A-DB7C-41A7-BC66-527CB4C08D83}.Debug|Any CPU.Build.0 = Debug|Any CPU
		{6EE8E00A-DB7C-41A7-BC66-527CB4C08D83}.Minimal Debug|Any CPU.ActiveCfg = Debug|Any CPU
		{6EE8E00A-DB7C-41A7-BC66-527CB4C08D83}.Minimal Debug|Any CPU.Build.0 = Debug|Any CPU
		{6EE8E00A-DB7C-41A7-BC66-527CB4C08D83}.Release with Code Analysis|Any CPU.ActiveCfg = Release|Any CPU
		{6EE8E00A-DB7C-41A7-BC66-527CB4C08D83}.Release with Code Analysis|Any CPU.Build.0 = Release|Any CPU
		{6EE8E00A-DB7C-41A7-BC66-527CB4C08D83}.Release|Any CPU.ActiveCfg = Release|Any CPU
		{6EE8E00A-DB7C-41A7-BC66-527CB4C08D83}.Release|Any CPU.Build.0 = Release|Any CPU
		{6EE8E00A-DB7C-41A7-BC66-527CB4C08D83}.test|Any CPU.ActiveCfg = Release|Any CPU
		{6EE8E00A-DB7C-41A7-BC66-527CB4C08D83}.test|Any CPU.Build.0 = Release|Any CPU
		{DA4F02E3-0B5E-42CD-B8D9-5583FA51D66E}.Debug|Any CPU.ActiveCfg = Debug|Any CPU
		{DA4F02E3-0B5E-42CD-B8D9-5583FA51D66E}.Debug|Any CPU.Build.0 = Debug|Any CPU
		{DA4F02E3-0B5E-42CD-B8D9-5583FA51D66E}.Minimal Debug|Any CPU.ActiveCfg = Debug|Any CPU
		{DA4F02E3-0B5E-42CD-B8D9-5583FA51D66E}.Minimal Debug|Any CPU.Build.0 = Debug|Any CPU
		{DA4F02E3-0B5E-42CD-B8D9-5583FA51D66E}.Release with Code Analysis|Any CPU.ActiveCfg = Release|Any CPU
		{DA4F02E3-0B5E-42CD-B8D9-5583FA51D66E}.Release with Code Analysis|Any CPU.Build.0 = Release|Any CPU
		{DA4F02E3-0B5E-42CD-B8D9-5583FA51D66E}.Release|Any CPU.ActiveCfg = Release|Any CPU
		{DA4F02E3-0B5E-42CD-B8D9-5583FA51D66E}.Release|Any CPU.Build.0 = Release|Any CPU
		{DA4F02E3-0B5E-42CD-B8D9-5583FA51D66E}.test|Any CPU.ActiveCfg = Release|Any CPU
		{DA4F02E3-0B5E-42CD-B8D9-5583FA51D66E}.test|Any CPU.Build.0 = Release|Any CPU
		{834CAB58-648D-47CC-AC6F-D01C08C809A4}.Debug|Any CPU.ActiveCfg = Debug|Any CPU
		{834CAB58-648D-47CC-AC6F-D01C08C809A4}.Debug|Any CPU.Build.0 = Debug|Any CPU
		{834CAB58-648D-47CC-AC6F-D01C08C809A4}.Minimal Debug|Any CPU.ActiveCfg = Debug|Any CPU
		{834CAB58-648D-47CC-AC6F-D01C08C809A4}.Minimal Debug|Any CPU.Build.0 = Debug|Any CPU
		{834CAB58-648D-47CC-AC6F-D01C08C809A4}.Release with Code Analysis|Any CPU.ActiveCfg = Release|Any CPU
		{834CAB58-648D-47CC-AC6F-D01C08C809A4}.Release with Code Analysis|Any CPU.Build.0 = Release|Any CPU
		{834CAB58-648D-47CC-AC6F-D01C08C809A4}.Release|Any CPU.ActiveCfg = Release|Any CPU
		{834CAB58-648D-47CC-AC6F-D01C08C809A4}.Release|Any CPU.Build.0 = Release|Any CPU
		{834CAB58-648D-47CC-AC6F-D01C08C809A4}.test|Any CPU.ActiveCfg = test|Any CPU
		{834CAB58-648D-47CC-AC6F-D01C08C809A4}.test|Any CPU.Build.0 = test|Any CPU
		{F6516FB8-325F-43D5-AE86-01367B0F6181}.Debug|Any CPU.ActiveCfg = Debug|Any CPU
		{F6516FB8-325F-43D5-AE86-01367B0F6181}.Debug|Any CPU.Build.0 = Debug|Any CPU
		{F6516FB8-325F-43D5-AE86-01367B0F6181}.Minimal Debug|Any CPU.ActiveCfg = Debug|Any CPU
		{F6516FB8-325F-43D5-AE86-01367B0F6181}.Minimal Debug|Any CPU.Build.0 = Debug|Any CPU
		{F6516FB8-325F-43D5-AE86-01367B0F6181}.Release with Code Analysis|Any CPU.ActiveCfg = Release|Any CPU
		{F6516FB8-325F-43D5-AE86-01367B0F6181}.Release with Code Analysis|Any CPU.Build.0 = Release|Any CPU
		{F6516FB8-325F-43D5-AE86-01367B0F6181}.Release|Any CPU.ActiveCfg = Release|Any CPU
		{F6516FB8-325F-43D5-AE86-01367B0F6181}.Release|Any CPU.Build.0 = Release|Any CPU
		{F6516FB8-325F-43D5-AE86-01367B0F6181}.test|Any CPU.ActiveCfg = Release|Any CPU
		{F6516FB8-325F-43D5-AE86-01367B0F6181}.test|Any CPU.Build.0 = Release|Any CPU
		{CB23BC6E-0493-482A-89B9-DD2E2FA4E97D}.Debug|Any CPU.ActiveCfg = Debug|Any CPU
		{CB23BC6E-0493-482A-89B9-DD2E2FA4E97D}.Debug|Any CPU.Build.0 = Debug|Any CPU
		{CB23BC6E-0493-482A-89B9-DD2E2FA4E97D}.Minimal Debug|Any CPU.ActiveCfg = Debug|Any CPU
		{CB23BC6E-0493-482A-89B9-DD2E2FA4E97D}.Minimal Debug|Any CPU.Build.0 = Debug|Any CPU
		{CB23BC6E-0493-482A-89B9-DD2E2FA4E97D}.Release with Code Analysis|Any CPU.ActiveCfg = Release|Any CPU
		{CB23BC6E-0493-482A-89B9-DD2E2FA4E97D}.Release with Code Analysis|Any CPU.Build.0 = Release|Any CPU
		{CB23BC6E-0493-482A-89B9-DD2E2FA4E97D}.Release|Any CPU.ActiveCfg = Release|Any CPU
		{CB23BC6E-0493-482A-89B9-DD2E2FA4E97D}.Release|Any CPU.Build.0 = Release|Any CPU
		{CB23BC6E-0493-482A-89B9-DD2E2FA4E97D}.test|Any CPU.ActiveCfg = Release|Any CPU
		{CB23BC6E-0493-482A-89B9-DD2E2FA4E97D}.test|Any CPU.Build.0 = Release|Any CPU
		{2BA3495E-8895-4D67-866C-C60BCA3C08A6}.Debug|Any CPU.ActiveCfg = Debug|Any CPU
		{2BA3495E-8895-4D67-866C-C60BCA3C08A6}.Debug|Any CPU.Build.0 = Debug|Any CPU
		{2BA3495E-8895-4D67-866C-C60BCA3C08A6}.Minimal Debug|Any CPU.ActiveCfg = Debug|Any CPU
		{2BA3495E-8895-4D67-866C-C60BCA3C08A6}.Minimal Debug|Any CPU.Build.0 = Debug|Any CPU
		{2BA3495E-8895-4D67-866C-C60BCA3C08A6}.Release with Code Analysis|Any CPU.ActiveCfg = Release|Any CPU
		{2BA3495E-8895-4D67-866C-C60BCA3C08A6}.Release with Code Analysis|Any CPU.Build.0 = Release|Any CPU
		{2BA3495E-8895-4D67-866C-C60BCA3C08A6}.Release|Any CPU.ActiveCfg = Release|Any CPU
		{2BA3495E-8895-4D67-866C-C60BCA3C08A6}.Release|Any CPU.Build.0 = Release|Any CPU
		{2BA3495E-8895-4D67-866C-C60BCA3C08A6}.test|Any CPU.ActiveCfg = Release|Any CPU
		{2BA3495E-8895-4D67-866C-C60BCA3C08A6}.test|Any CPU.Build.0 = Release|Any CPU
		{3C21BB69-0F81-47D2-88E6-E4C08AD1460B}.Debug|Any CPU.ActiveCfg = Debug|Any CPU
		{3C21BB69-0F81-47D2-88E6-E4C08AD1460B}.Debug|Any CPU.Build.0 = Debug|Any CPU
		{3C21BB69-0F81-47D2-88E6-E4C08AD1460B}.Minimal Debug|Any CPU.ActiveCfg = Debug|Any CPU
		{3C21BB69-0F81-47D2-88E6-E4C08AD1460B}.Minimal Debug|Any CPU.Build.0 = Debug|Any CPU
		{3C21BB69-0F81-47D2-88E6-E4C08AD1460B}.Release with Code Analysis|Any CPU.ActiveCfg = Release|Any CPU
		{3C21BB69-0F81-47D2-88E6-E4C08AD1460B}.Release with Code Analysis|Any CPU.Build.0 = Release|Any CPU
		{3C21BB69-0F81-47D2-88E6-E4C08AD1460B}.Release|Any CPU.ActiveCfg = Release|Any CPU
		{3C21BB69-0F81-47D2-88E6-E4C08AD1460B}.Release|Any CPU.Build.0 = Release|Any CPU
		{3C21BB69-0F81-47D2-88E6-E4C08AD1460B}.test|Any CPU.ActiveCfg = Release|Any CPU
		{3C21BB69-0F81-47D2-88E6-E4C08AD1460B}.test|Any CPU.Build.0 = Release|Any CPU
		{A36AEF66-2411-4225-B68E-F2D29368A31B}.Debug|Any CPU.ActiveCfg = Debug|Any CPU
		{A36AEF66-2411-4225-B68E-F2D29368A31B}.Debug|Any CPU.Build.0 = Debug|Any CPU
		{A36AEF66-2411-4225-B68E-F2D29368A31B}.Minimal Debug|Any CPU.ActiveCfg = Debug|Any CPU
		{A36AEF66-2411-4225-B68E-F2D29368A31B}.Minimal Debug|Any CPU.Build.0 = Debug|Any CPU
		{A36AEF66-2411-4225-B68E-F2D29368A31B}.Release with Code Analysis|Any CPU.ActiveCfg = Debug|Any CPU
		{A36AEF66-2411-4225-B68E-F2D29368A31B}.Release with Code Analysis|Any CPU.Build.0 = Debug|Any CPU
		{A36AEF66-2411-4225-B68E-F2D29368A31B}.Release|Any CPU.ActiveCfg = Debug|Any CPU
		{A36AEF66-2411-4225-B68E-F2D29368A31B}.Release|Any CPU.Build.0 = Debug|Any CPU
		{A36AEF66-2411-4225-B68E-F2D29368A31B}.test|Any CPU.ActiveCfg = Debug|Any CPU
		{A36AEF66-2411-4225-B68E-F2D29368A31B}.test|Any CPU.Build.0 = Debug|Any CPU
		{24A770F8-AF0E-400F-8ABB-3FD68617103E}.Debug|Any CPU.ActiveCfg = Debug|Any CPU
		{24A770F8-AF0E-400F-8ABB-3FD68617103E}.Debug|Any CPU.Build.0 = Debug|Any CPU
		{24A770F8-AF0E-400F-8ABB-3FD68617103E}.Minimal Debug|Any CPU.ActiveCfg = Debug|Any CPU
		{24A770F8-AF0E-400F-8ABB-3FD68617103E}.Minimal Debug|Any CPU.Build.0 = Debug|Any CPU
		{24A770F8-AF0E-400F-8ABB-3FD68617103E}.Release with Code Analysis|Any CPU.ActiveCfg = Release|Any CPU
		{24A770F8-AF0E-400F-8ABB-3FD68617103E}.Release with Code Analysis|Any CPU.Build.0 = Release|Any CPU
		{24A770F8-AF0E-400F-8ABB-3FD68617103E}.Release|Any CPU.ActiveCfg = Release|Any CPU
		{24A770F8-AF0E-400F-8ABB-3FD68617103E}.Release|Any CPU.Build.0 = Release|Any CPU
		{24A770F8-AF0E-400F-8ABB-3FD68617103E}.test|Any CPU.ActiveCfg = Release|Any CPU
		{24A770F8-AF0E-400F-8ABB-3FD68617103E}.test|Any CPU.Build.0 = Release|Any CPU
		{F5302B20-CB41-4E2E-AB1D-AB4EC0AB8DB4}.Debug|Any CPU.ActiveCfg = Debug|Any CPU
		{F5302B20-CB41-4E2E-AB1D-AB4EC0AB8DB4}.Debug|Any CPU.Build.0 = Debug|Any CPU
		{F5302B20-CB41-4E2E-AB1D-AB4EC0AB8DB4}.Minimal Debug|Any CPU.ActiveCfg = Debug|Any CPU
		{F5302B20-CB41-4E2E-AB1D-AB4EC0AB8DB4}.Minimal Debug|Any CPU.Build.0 = Debug|Any CPU
		{F5302B20-CB41-4E2E-AB1D-AB4EC0AB8DB4}.Release with Code Analysis|Any CPU.ActiveCfg = Release|Any CPU
		{F5302B20-CB41-4E2E-AB1D-AB4EC0AB8DB4}.Release with Code Analysis|Any CPU.Build.0 = Release|Any CPU
		{F5302B20-CB41-4E2E-AB1D-AB4EC0AB8DB4}.Release|Any CPU.ActiveCfg = Release|Any CPU
		{F5302B20-CB41-4E2E-AB1D-AB4EC0AB8DB4}.Release|Any CPU.Build.0 = Release|Any CPU
		{F5302B20-CB41-4E2E-AB1D-AB4EC0AB8DB4}.test|Any CPU.ActiveCfg = Release|Any CPU
		{F5302B20-CB41-4E2E-AB1D-AB4EC0AB8DB4}.test|Any CPU.Build.0 = Release|Any CPU
		{341678A8-F3B5-43BF-8505-69B4ED969B53}.Debug|Any CPU.ActiveCfg = Debug|Any CPU
		{341678A8-F3B5-43BF-8505-69B4ED969B53}.Debug|Any CPU.Build.0 = Debug|Any CPU
		{341678A8-F3B5-43BF-8505-69B4ED969B53}.Minimal Debug|Any CPU.ActiveCfg = Debug|Any CPU
		{341678A8-F3B5-43BF-8505-69B4ED969B53}.Minimal Debug|Any CPU.Build.0 = Debug|Any CPU
		{341678A8-F3B5-43BF-8505-69B4ED969B53}.Release with Code Analysis|Any CPU.ActiveCfg = Release|Any CPU
		{341678A8-F3B5-43BF-8505-69B4ED969B53}.Release with Code Analysis|Any CPU.Build.0 = Release|Any CPU
		{341678A8-F3B5-43BF-8505-69B4ED969B53}.Release|Any CPU.ActiveCfg = Release|Any CPU
		{341678A8-F3B5-43BF-8505-69B4ED969B53}.Release|Any CPU.Build.0 = Release|Any CPU
		{341678A8-F3B5-43BF-8505-69B4ED969B53}.test|Any CPU.ActiveCfg = Release|Any CPU
		{341678A8-F3B5-43BF-8505-69B4ED969B53}.test|Any CPU.Build.0 = Release|Any CPU
		{3393A6E2-BB27-4D53-ACAA-629723D51F5E}.Debug|Any CPU.ActiveCfg = Debug|Any CPU
		{3393A6E2-BB27-4D53-ACAA-629723D51F5E}.Debug|Any CPU.Build.0 = Debug|Any CPU
		{3393A6E2-BB27-4D53-ACAA-629723D51F5E}.Minimal Debug|Any CPU.ActiveCfg = Debug|Any CPU
		{3393A6E2-BB27-4D53-ACAA-629723D51F5E}.Minimal Debug|Any CPU.Build.0 = Debug|Any CPU
		{3393A6E2-BB27-4D53-ACAA-629723D51F5E}.Release with Code Analysis|Any CPU.ActiveCfg = Release|Any CPU
		{3393A6E2-BB27-4D53-ACAA-629723D51F5E}.Release with Code Analysis|Any CPU.Build.0 = Release|Any CPU
		{3393A6E2-BB27-4D53-ACAA-629723D51F5E}.Release|Any CPU.ActiveCfg = Release|Any CPU
		{3393A6E2-BB27-4D53-ACAA-629723D51F5E}.Release|Any CPU.Build.0 = Release|Any CPU
		{3393A6E2-BB27-4D53-ACAA-629723D51F5E}.test|Any CPU.ActiveCfg = Release|Any CPU
		{3393A6E2-BB27-4D53-ACAA-629723D51F5E}.test|Any CPU.Build.0 = Release|Any CPU
		{69E083B4-AC97-4416-B7D4-61DEBA8A910D}.Debug|Any CPU.ActiveCfg = Debug|Any CPU
		{69E083B4-AC97-4416-B7D4-61DEBA8A910D}.Debug|Any CPU.Build.0 = Debug|Any CPU
		{69E083B4-AC97-4416-B7D4-61DEBA8A910D}.Minimal Debug|Any CPU.ActiveCfg = Debug|Any CPU
		{69E083B4-AC97-4416-B7D4-61DEBA8A910D}.Minimal Debug|Any CPU.Build.0 = Debug|Any CPU
		{69E083B4-AC97-4416-B7D4-61DEBA8A910D}.Release with Code Analysis|Any CPU.ActiveCfg = Release|Any CPU
		{69E083B4-AC97-4416-B7D4-61DEBA8A910D}.Release with Code Analysis|Any CPU.Build.0 = Release|Any CPU
		{69E083B4-AC97-4416-B7D4-61DEBA8A910D}.Release|Any CPU.ActiveCfg = Release|Any CPU
		{69E083B4-AC97-4416-B7D4-61DEBA8A910D}.Release|Any CPU.Build.0 = Release|Any CPU
		{69E083B4-AC97-4416-B7D4-61DEBA8A910D}.test|Any CPU.ActiveCfg = Release|Any CPU
		{69E083B4-AC97-4416-B7D4-61DEBA8A910D}.test|Any CPU.Build.0 = Release|Any CPU
		{5D599BFC-AA17-4D94-9BE6-6D369E214167}.Debug|Any CPU.ActiveCfg = Debug|Any CPU
		{5D599BFC-AA17-4D94-9BE6-6D369E214167}.Debug|Any CPU.Build.0 = Debug|Any CPU
		{5D599BFC-AA17-4D94-9BE6-6D369E214167}.Minimal Debug|Any CPU.ActiveCfg = Debug|Any CPU
		{5D599BFC-AA17-4D94-9BE6-6D369E214167}.Minimal Debug|Any CPU.Build.0 = Debug|Any CPU
		{5D599BFC-AA17-4D94-9BE6-6D369E214167}.Release with Code Analysis|Any CPU.ActiveCfg = Release|Any CPU
		{5D599BFC-AA17-4D94-9BE6-6D369E214167}.Release with Code Analysis|Any CPU.Build.0 = Release|Any CPU
		{5D599BFC-AA17-4D94-9BE6-6D369E214167}.Release|Any CPU.ActiveCfg = Release|Any CPU
		{5D599BFC-AA17-4D94-9BE6-6D369E214167}.Release|Any CPU.Build.0 = Release|Any CPU
		{5D599BFC-AA17-4D94-9BE6-6D369E214167}.test|Any CPU.ActiveCfg = Release|Any CPU
		{5D599BFC-AA17-4D94-9BE6-6D369E214167}.test|Any CPU.Build.0 = Release|Any CPU
		{85655D56-6C48-4F93-AD3A-D0DEA9A79B1C}.Debug|Any CPU.ActiveCfg = Debug|Any CPU
		{85655D56-6C48-4F93-AD3A-D0DEA9A79B1C}.Debug|Any CPU.Build.0 = Debug|Any CPU
		{85655D56-6C48-4F93-AD3A-D0DEA9A79B1C}.Minimal Debug|Any CPU.ActiveCfg = Debug|Any CPU
		{85655D56-6C48-4F93-AD3A-D0DEA9A79B1C}.Minimal Debug|Any CPU.Build.0 = Debug|Any CPU
		{85655D56-6C48-4F93-AD3A-D0DEA9A79B1C}.Release with Code Analysis|Any CPU.ActiveCfg = Release|Any CPU
		{85655D56-6C48-4F93-AD3A-D0DEA9A79B1C}.Release with Code Analysis|Any CPU.Build.0 = Release|Any CPU
		{85655D56-6C48-4F93-AD3A-D0DEA9A79B1C}.Release|Any CPU.ActiveCfg = Release|Any CPU
		{85655D56-6C48-4F93-AD3A-D0DEA9A79B1C}.Release|Any CPU.Build.0 = Release|Any CPU
		{85655D56-6C48-4F93-AD3A-D0DEA9A79B1C}.test|Any CPU.ActiveCfg = Release|Any CPU
		{85655D56-6C48-4F93-AD3A-D0DEA9A79B1C}.test|Any CPU.Build.0 = Release|Any CPU
		{4A42D266-BA34-4C4D-BE37-EA49CE6AABAB}.Debug|Any CPU.ActiveCfg = Debug|Any CPU
		{4A42D266-BA34-4C4D-BE37-EA49CE6AABAB}.Debug|Any CPU.Build.0 = Debug|Any CPU
		{4A42D266-BA34-4C4D-BE37-EA49CE6AABAB}.Minimal Debug|Any CPU.ActiveCfg = Debug|Any CPU
		{4A42D266-BA34-4C4D-BE37-EA49CE6AABAB}.Minimal Debug|Any CPU.Build.0 = Debug|Any CPU
		{4A42D266-BA34-4C4D-BE37-EA49CE6AABAB}.Release with Code Analysis|Any CPU.ActiveCfg = Release|Any CPU
		{4A42D266-BA34-4C4D-BE37-EA49CE6AABAB}.Release with Code Analysis|Any CPU.Build.0 = Release|Any CPU
		{4A42D266-BA34-4C4D-BE37-EA49CE6AABAB}.Release|Any CPU.ActiveCfg = Release|Any CPU
		{4A42D266-BA34-4C4D-BE37-EA49CE6AABAB}.Release|Any CPU.Build.0 = Release|Any CPU
		{4A42D266-BA34-4C4D-BE37-EA49CE6AABAB}.test|Any CPU.ActiveCfg = Release|Any CPU
		{4A42D266-BA34-4C4D-BE37-EA49CE6AABAB}.test|Any CPU.Build.0 = Release|Any CPU
		{620875F9-EE80-4D08-A603-C4347657E561}.Debug|Any CPU.ActiveCfg = Debug|Any CPU
		{620875F9-EE80-4D08-A603-C4347657E561}.Debug|Any CPU.Build.0 = Debug|Any CPU
		{620875F9-EE80-4D08-A603-C4347657E561}.Minimal Debug|Any CPU.ActiveCfg = Debug|Any CPU
		{620875F9-EE80-4D08-A603-C4347657E561}.Minimal Debug|Any CPU.Build.0 = Debug|Any CPU
		{620875F9-EE80-4D08-A603-C4347657E561}.Release with Code Analysis|Any CPU.ActiveCfg = Release|Any CPU
		{620875F9-EE80-4D08-A603-C4347657E561}.Release with Code Analysis|Any CPU.Build.0 = Release|Any CPU
		{620875F9-EE80-4D08-A603-C4347657E561}.Release|Any CPU.ActiveCfg = Release|Any CPU
		{620875F9-EE80-4D08-A603-C4347657E561}.Release|Any CPU.Build.0 = Release|Any CPU
		{620875F9-EE80-4D08-A603-C4347657E561}.test|Any CPU.ActiveCfg = Release|Any CPU
		{620875F9-EE80-4D08-A603-C4347657E561}.test|Any CPU.Build.0 = Release|Any CPU
		{74D1ED8A-5830-407C-9878-1ABFFC12E08F}.Debug|Any CPU.ActiveCfg = Debug|Any CPU
		{74D1ED8A-5830-407C-9878-1ABFFC12E08F}.Debug|Any CPU.Build.0 = Debug|Any CPU
		{74D1ED8A-5830-407C-9878-1ABFFC12E08F}.Minimal Debug|Any CPU.ActiveCfg = Debug|Any CPU
		{74D1ED8A-5830-407C-9878-1ABFFC12E08F}.Minimal Debug|Any CPU.Build.0 = Debug|Any CPU
		{74D1ED8A-5830-407C-9878-1ABFFC12E08F}.Release with Code Analysis|Any CPU.ActiveCfg = Release|Any CPU
		{74D1ED8A-5830-407C-9878-1ABFFC12E08F}.Release with Code Analysis|Any CPU.Build.0 = Release|Any CPU
		{74D1ED8A-5830-407C-9878-1ABFFC12E08F}.Release|Any CPU.ActiveCfg = Release|Any CPU
		{74D1ED8A-5830-407C-9878-1ABFFC12E08F}.Release|Any CPU.Build.0 = Release|Any CPU
		{74D1ED8A-5830-407C-9878-1ABFFC12E08F}.test|Any CPU.ActiveCfg = Release|Any CPU
		{74D1ED8A-5830-407C-9878-1ABFFC12E08F}.test|Any CPU.Build.0 = Release|Any CPU
		{EB2751C7-1A3D-441B-9EA3-96B7022900B8}.Debug|Any CPU.ActiveCfg = Debug|Any CPU
		{EB2751C7-1A3D-441B-9EA3-96B7022900B8}.Debug|Any CPU.Build.0 = Debug|Any CPU
		{EB2751C7-1A3D-441B-9EA3-96B7022900B8}.Minimal Debug|Any CPU.ActiveCfg = Debug|Any CPU
		{EB2751C7-1A3D-441B-9EA3-96B7022900B8}.Minimal Debug|Any CPU.Build.0 = Debug|Any CPU
		{EB2751C7-1A3D-441B-9EA3-96B7022900B8}.Release with Code Analysis|Any CPU.ActiveCfg = Release|Any CPU
		{EB2751C7-1A3D-441B-9EA3-96B7022900B8}.Release with Code Analysis|Any CPU.Build.0 = Release|Any CPU
		{EB2751C7-1A3D-441B-9EA3-96B7022900B8}.Release|Any CPU.ActiveCfg = Release|Any CPU
		{EB2751C7-1A3D-441B-9EA3-96B7022900B8}.Release|Any CPU.Build.0 = Release|Any CPU
		{EB2751C7-1A3D-441B-9EA3-96B7022900B8}.test|Any CPU.ActiveCfg = Release|Any CPU
		{EB2751C7-1A3D-441B-9EA3-96B7022900B8}.test|Any CPU.Build.0 = Release|Any CPU
		{8C5E8E92-D5D6-4A54-B382-0D675FE052EB}.Debug|Any CPU.ActiveCfg = Debug|Any CPU
		{8C5E8E92-D5D6-4A54-B382-0D675FE052EB}.Debug|Any CPU.Build.0 = Debug|Any CPU
		{8C5E8E92-D5D6-4A54-B382-0D675FE052EB}.Minimal Debug|Any CPU.ActiveCfg = Debug|Any CPU
		{8C5E8E92-D5D6-4A54-B382-0D675FE052EB}.Release with Code Analysis|Any CPU.ActiveCfg = Release|Any CPU
		{8C5E8E92-D5D6-4A54-B382-0D675FE052EB}.Release|Any CPU.ActiveCfg = Release|Any CPU
		{8C5E8E92-D5D6-4A54-B382-0D675FE052EB}.Release|Any CPU.Build.0 = Release|Any CPU
		{8C5E8E92-D5D6-4A54-B382-0D675FE052EB}.test|Any CPU.ActiveCfg = Release|Any CPU
		{FAF6D6B2-1EC9-4A1B-83BB-48F772E948CF}.Debug|Any CPU.ActiveCfg = Debug|Any CPU
		{FAF6D6B2-1EC9-4A1B-83BB-48F772E948CF}.Debug|Any CPU.Build.0 = Debug|Any CPU
		{FAF6D6B2-1EC9-4A1B-83BB-48F772E948CF}.Minimal Debug|Any CPU.ActiveCfg = Debug|Any CPU
		{FAF6D6B2-1EC9-4A1B-83BB-48F772E948CF}.Minimal Debug|Any CPU.Build.0 = Debug|Any CPU
		{FAF6D6B2-1EC9-4A1B-83BB-48F772E948CF}.Release with Code Analysis|Any CPU.ActiveCfg = Release|Any CPU
		{FAF6D6B2-1EC9-4A1B-83BB-48F772E948CF}.Release with Code Analysis|Any CPU.Build.0 = Release|Any CPU
		{FAF6D6B2-1EC9-4A1B-83BB-48F772E948CF}.Release|Any CPU.ActiveCfg = Release|Any CPU
		{FAF6D6B2-1EC9-4A1B-83BB-48F772E948CF}.Release|Any CPU.Build.0 = Release|Any CPU
		{FAF6D6B2-1EC9-4A1B-83BB-48F772E948CF}.test|Any CPU.ActiveCfg = Release|Any CPU
		{FAF6D6B2-1EC9-4A1B-83BB-48F772E948CF}.test|Any CPU.Build.0 = Release|Any CPU
		{F21BA164-A132-45B8-B058-90D0E948BD88}.Debug|Any CPU.ActiveCfg = Debug|Any CPU
		{F21BA164-A132-45B8-B058-90D0E948BD88}.Debug|Any CPU.Build.0 = Debug|Any CPU
		{F21BA164-A132-45B8-B058-90D0E948BD88}.Minimal Debug|Any CPU.ActiveCfg = Debug|Any CPU
		{F21BA164-A132-45B8-B058-90D0E948BD88}.Minimal Debug|Any CPU.Build.0 = Debug|Any CPU
		{F21BA164-A132-45B8-B058-90D0E948BD88}.Release with Code Analysis|Any CPU.ActiveCfg = Release|Any CPU
		{F21BA164-A132-45B8-B058-90D0E948BD88}.Release with Code Analysis|Any CPU.Build.0 = Release|Any CPU
		{F21BA164-A132-45B8-B058-90D0E948BD88}.Release|Any CPU.ActiveCfg = Release|Any CPU
		{F21BA164-A132-45B8-B058-90D0E948BD88}.Release|Any CPU.Build.0 = Release|Any CPU
		{F21BA164-A132-45B8-B058-90D0E948BD88}.test|Any CPU.ActiveCfg = Release|Any CPU
		{F21BA164-A132-45B8-B058-90D0E948BD88}.test|Any CPU.Build.0 = Release|Any CPU
	EndGlobalSection
	GlobalSection(SolutionProperties) = preSolution
		HideSolutionNode = FALSE
	EndGlobalSection
	GlobalSection(ExtensibilityGlobals) = postSolution
		SelectedEnterpriseLibraryConfigurationSet = EntLib41Src
	EndGlobalSection
EndGlobal
