
Microsoft Visual Studio Solution File, Format Version 11.00
# Visual Studio 2010
Project("{FAE04EC0-301F-11D3-BF4B-00C04F79EFBC}") = "Tobi_NET4", "Tobi_NET4.csproj", "{64F90229-5944-4DBB-96A0-0E09E6BF5997}"
	ProjectSection(ProjectDependencies) = postProject
		{17831F3B-6B82-4916-BD2B-2CE2071EA622} = {17831F3B-6B82-4916-BD2B-2CE2071EA622}
		{2BA3495E-8895-4D67-866C-C60BBA3C08D5} = {2BA3495E-8895-4D67-866C-C60BBA3C08D5}
		{526DAED8-C818-49B3-ADCB-9FBE44AA7088} = {526DAED8-C818-49B3-ADCB-9FBE44AA7088}
		{698E4C51-9506-4CC5-94E2-31F5FD90532E} = {698E4C51-9506-4CC5-94E2-31F5FD90532E}
		{77138947-1D13-4E22-AEE0-5D0DD046CA34} = {77138947-1D13-4E22-AEE0-5D0DD046CA34}
		{7CCD52F9-C801-4C2B-AA9D-B7E217F307A0} = {7CCD52F9-C801-4C2B-AA9D-B7E217F307A0}
		{7EFFCF20-A1AA-4668-A34C-A933C22FEEBA} = {7EFFCF20-A1AA-4668-A34C-A933C22FEEBA}
		{CA624531-B5E6-4F6C-96E5-7B00DE9680FE} = {CA624531-B5E6-4F6C-96E5-7B00DE9680FE}
	EndProjectSection
EndProject
Project("{FAE04EC0-301F-11D3-BF4B-00C04F79EFBC}") = "Tobi.Infrastructure_NET4", "Tobi.Infrastructure\Tobi.Infrastructure_NET4.csproj", "{698E4C51-9506-4CC5-94E2-31F5FD90532E}"
EndProject
Project("{FAE04EC0-301F-11D3-BF4B-00C04F79EFBC}") = "Lib.Composite_NET4", "ExternalLibs\CAL\Composite\Lib.Composite_NET4.csproj", "{77138947-1D13-4E22-AEE0-5D0DD046CA34}"
EndProject
Project("{FAE04EC0-301F-11D3-BF4B-00C04F79EFBC}") = "Lib.Composite.UnityExtensions_NET4", "ExternalLibs\CAL\Composite.UnityExtensions\Lib.Composite.UnityExtensions_NET4.csproj", "{17831F3B-6B82-4916-BD2B-2CE2071EA622}"
	ProjectSection(ProjectDependencies) = postProject
		{77138947-1D13-4E22-AEE0-5D0DD046CA34} = {77138947-1D13-4E22-AEE0-5D0DD046CA34}
	EndProjectSection
EndProject
Project("{FAE04EC0-301F-11D3-BF4B-00C04F79EFBC}") = "Tobi.Plugin.MenuBar_NET4", "Tobi.Modules.MenuBar\Tobi.Plugin.MenuBar_NET4.csproj", "{526DAED8-C818-49B3-ADCB-9FBE44AA7088}"
	ProjectSection(ProjectDependencies) = postProject
		{698E4C51-9506-4CC5-94E2-31F5FD90532E} = {698E4C51-9506-4CC5-94E2-31F5FD90532E}
	EndProjectSection
EndProject
Project("{FAE04EC0-301F-11D3-BF4B-00C04F79EFBC}") = "Tobi.Plugin.NavigationPane_NET4", "Tobi.Modules.NavigationPane\Tobi.Plugin.NavigationPane_NET4.csproj", "{7EFFCF20-A1AA-4668-A34C-A933C22FEEBA}"
	ProjectSection(ProjectDependencies) = postProject
		{698E4C51-9506-4CC5-94E2-31F5FD90532E} = {698E4C51-9506-4CC5-94E2-31F5FD90532E}
	EndProjectSection
EndProject
Project("{FAE04EC0-301F-11D3-BF4B-00C04F79EFBC}") = "Tobi.Plugin.DocumentPane_NET4", "Tobi.Modules.DocumentPane\Tobi.Plugin.DocumentPane_NET4.csproj", "{0C5E9D1D-FC0F-4DC4-A4A5-32FEAF08349F}"
	ProjectSection(ProjectDependencies) = postProject
		{698E4C51-9506-4CC5-94E2-31F5FD90532E} = {698E4C51-9506-4CC5-94E2-31F5FD90532E}
	EndProjectSection
EndProject
Project("{FAE04EC0-301F-11D3-BF4B-00C04F79EFBC}") = "Tobi.Plugin.ToolBars_NET4", "Tobi.Modules.ToolBars\Tobi.Plugin.ToolBars_NET4.csproj", "{2BA3495E-8895-4D67-866C-C60BBA3C08D5}"
	ProjectSection(ProjectDependencies) = postProject
		{698E4C51-9506-4CC5-94E2-31F5FD90532E} = {698E4C51-9506-4CC5-94E2-31F5FD90532E}
	EndProjectSection
EndProject
Project("{FAE04EC0-301F-11D3-BF4B-00C04F79EFBC}") = "Tobi.Plugin.AudioPane_NET4", "Tobi.Modules.AudioPane\Tobi.Plugin.AudioPane_NET4.csproj", "{CA624531-B5E6-4F6C-96E5-7B00DE9680FE}"
	ProjectSection(ProjectDependencies) = postProject
		{698E4C51-9506-4CC5-94E2-31F5FD90532E} = {698E4C51-9506-4CC5-94E2-31F5FD90532E}
	EndProjectSection
EndProject
Project("{FAE04EC0-301F-11D3-BF4B-00C04F79EFBC}") = "UrakawaSDK.core_NET4", "..\..\..\urakawa-sdk\trunk\csharp\core\UrakawaSDK.core_NET4.csproj", "{7CCD52F9-C801-4C2B-AA9D-B7E217F307A0}"
EndProject
Project("{FAE04EC0-301F-11D3-BF4B-00C04F79EFBC}") = "Lib.Composite.Presentation_NET4", "ExternalLibs\CAL\Composite.Presentation\Lib.Composite.Presentation_NET4.csproj", "{A957D686-369A-4FFD-B8EC-0611741C9E41}"
EndProject
Project("{FAE04EC0-301F-11D3-BF4B-00C04F79EFBC}") = "AudioLib_NET4", "..\..\..\urakawa-sdk\trunk\csharp\audio\AudioLib\AudioLib_NET4.csproj", "{6EE8E00A-DB7C-41A7-BC66-527CB4C08D83}"
EndProject
Project("{FAE04EC0-301F-11D3-BF4B-00C04F79EFBC}") = "NAudio_NET4", "..\..\..\urakawa-sdk\trunk\csharp\audio\NAudio\NAudio_NET4.csproj", "{DA4F02E3-0B5E-42CD-B8D9-5583FA51D66E}"
EndProject
Project("{FAE04EC0-301F-11D3-BF4B-00C04F79EFBC}") = "Mp3Sharp_NET4", "..\..\..\urakawa-sdk\trunk\csharp\audio\mp3-sharp\Mp3Sharp_NET4.csproj", "{834CAB58-648D-47CC-AC6F-D01C08C809A4}"
EndProject
Project("{FAE04EC0-301F-11D3-BF4B-00C04F79EFBC}") = "Tobi.Plugin.MetadataPane_NET4", "Tobi.Modules.MetadataPane\Tobi.Plugin.MetadataPane_NET4.csproj", "{F6516FB8-325F-43D5-AE86-01367B0F6181}"
EndProject
Project("{FAE04EC0-301F-11D3-BF4B-00C04F79EFBC}") = "Tobi.Plugin.Urakawa_NET4", "Tobi.Modules.Urakawa\Tobi.Plugin.Urakawa_NET4.csproj", "{2BA3495E-8895-4D67-866C-C60BCA3C08A6}"
EndProject
Project("{FAE04EC0-301F-11D3-BF4B-00C04F79EFBC}") = "Tobi.Common_NET4", "Tobi.Common\Tobi.Common_NET4.csproj", "{3C21BB69-0F81-47D2-88E6-E4C08AD1460B}"
EndProject
Project("{FAE04EC0-301F-11D3-BF4B-00C04F79EFBC}") = "Lib.MEF_NET4", "ExternalLibs\MEF\Lib.MEF_NET4.csproj", "{A36AEF66-2411-4225-B68E-F2D29368A31B}"
EndProject
Project("{FAE04EC0-301F-11D3-BF4B-00C04F79EFBC}") = "Lib.MEF_Unity_NET4", "ExternalLibs\MEF_Unity\Lib.MEF_Unity_NET4.csproj", "{24A770F8-AF0E-400F-8ABB-3FD68617103E}"
EndProject
Project("{FAE04EC0-301F-11D3-BF4B-00C04F79EFBC}") = "Tobi.Plugin.Validator_NET4", "Tobi.Modules.Validator\Tobi.Plugin.Validator_NET4.csproj", "{F5302B20-CB41-4E2E-AB1D-AB4EC0AB8DB4}"
EndProject
Project("{FAE04EC0-301F-11D3-BF4B-00C04F79EFBC}") = "Tobi.Plugin.Validator.Metadata_NET4", "Tobi.Modules.Validator.Metadata\Tobi.Plugin.Validator.Metadata_NET4.csproj", "{341678A8-F3B5-43BF-8505-69B4ED969B53}"
EndProject
Project("{FAE04EC0-301F-11D3-BF4B-00C04F79EFBC}") = "DTDs_NET4", "..\..\..\urakawa-sdk\trunk\csharp\dtds\DTDs_NET4.csproj", "{3393A6E2-BB27-4D53-ACAA-629723D51F5E}"
EndProject
Project("{FAE04EC0-301F-11D3-BF4B-00C04F79EFBC}") = "UrakawaSDK.daisy_NET4", "..\..\..\urakawa-sdk\trunk\csharp\daisy\UrakawaSDK.daisy_NET4.csproj", "{69E083B4-AC97-4416-B7D4-61DEBA8A910D}"
EndProject
Project("{FAE04EC0-301F-11D3-BF4B-00C04F79EFBC}") = "Tobi.Plugin.Settings_NET4", "Tobi.Modules.Settings\Tobi.Plugin.Settings_NET4.csproj", "{5D599BFC-AA17-4D94-9BE6-6D369E214167}"
EndProject
Project("{FAE04EC0-301F-11D3-BF4B-00C04F79EFBC}") = "DtdSharp_NET4", "ExternalLibs\DtdSharp\DtdSharp_NET4.csproj", "{85655D56-6C48-4F93-AD3A-D0DEA9A79B1C}"
EndProject
Project("{FAE04EC0-301F-11D3-BF4B-00C04F79EFBC}") = "Tobi.Plugin.Validator.ContentDocument_NET4", "Tobi.Modules.Validator.ContentDocument\Tobi.Plugin.Validator.ContentDocument_NET4.csproj", "{4A42D266-BA34-4C4D-BE37-EA49CE6AABAB}"
EndProject
Project("{FAE04EC0-301F-11D3-BF4B-00C04F79EFBC}") = "Tobi.Plugin.StructureTrailPane_NET4", "Tobi.Modules.StructureTrailPane\Tobi.Plugin.StructureTrailPane_NET4.csproj", "{620875F9-EE80-4D08-A603-C4347657E561}"
EndProject
Project("{FAE04EC0-301F-11D3-BF4B-00C04F79EFBC}") = "Tobi.Plugin.MenuBarDebug_NET4", "Tobi.Modules.MenuBarDebug\Tobi.Plugin.MenuBarDebug_NET4.csproj", "{74D1ED8A-5830-407C-9878-1ABFFC12E08F}"
EndProject
Project("{FAE04EC0-301F-11D3-BF4B-00C04F79EFBC}") = "Tobi.Plugin.Validator.MissingAudio_NET4", "Tobi.Modules.Validator.MissingAudio\Tobi.Plugin.Validator.MissingAudio_NET4.csproj", "{EB2751C7-1A3D-441B-9EA3-96B7022900B8}"
EndProject
Project("{FAE04EC0-301F-11D3-BF4B-00C04F79EFBC}") = "Lib.Unity2_NET4", "ExternalLibs\CAL\Unity2\Lib.Unity2_NET4.csproj", "{EE1F752C-1FAB-41AD-AD63-857D0E62AB6B}"
EndProject
Project("{FAE04EC0-301F-11D3-BF4B-00C04F79EFBC}") = "Lib.ServiceLocation_NET4", "ExternalLibs\ServiceLocation\Lib.ServiceLocation_NET4.csproj", "{FAF6D6B2-1EC9-4A1B-83BB-48F772E948CF}"
EndProject
Project("{FAE04EC0-301F-11D3-BF4B-00C04F79EFBC}") = "Tobi.Plugin.Descriptions_NET4", "Tobi.Modules.Descriptions\Tobi.Plugin.Descriptions_NET4.csproj", "{D1E9484D-2C80-4E90-8A26-9228880539BF}"
EndProject
Project("{FAE04EC0-301F-11D3-BF4B-00C04F79EFBC}") = "SharpVectors.Runtime_NET4", "ExternalLibs\SharpVector\SharpVectorRuntime\SharpVectors.Runtime_NET4.csproj", "{2CD52982-A1C2-4A14-9D69-D64719357216}"
EndProject
Project("{FAE04EC0-301F-11D3-BF4B-00C04F79EFBC}") = "SharpVectors.Rendering.Wpf_NET4", "ExternalLibs\SharpVector\SharpVectorRenderingWpf\SharpVectors.Rendering.Wpf_NET4.csproj", "{A2576CE0-E492-490F-97E9-C0E7ABAFAF27}"
EndProject
Project("{FAE04EC0-301F-11D3-BF4B-00C04F79EFBC}") = "SharpVectors.Model_NET4", "ExternalLibs\SharpVector\SharpVectorModel\SharpVectors.Model_NET4.csproj", "{5D336F48-3FB9-4382-B4B9-06974C764007}"
EndProject
Project("{FAE04EC0-301F-11D3-BF4B-00C04F79EFBC}") = "SharpVectors.Dom_NET4", "ExternalLibs\SharpVector\SharpVectorDom\SharpVectors.Dom_NET4.csproj", "{FE34CBC0-D23C-4A95-BA64-83A031814010}"
EndProject
Project("{FAE04EC0-301F-11D3-BF4B-00C04F79EFBC}") = "SharpVectors.Css_NET4", "ExternalLibs\SharpVector\SharpVectorCss\SharpVectors.Css_NET4.csproj", "{351B0A6E-2F6B-497A-844B-DCB5A502FB0D}"
EndProject
Project("{FAE04EC0-301F-11D3-BF4B-00C04F79EFBC}") = "SharpVectors.Converters_NET4", "ExternalLibs\SharpVector\SharpVectorConverters\SharpVectors.Converters_NET4.csproj", "{E8056611-E49C-4BC3-A682-A629D5CEC11C}"
EndProject
Project("{FAE04EC0-301F-11D3-BF4B-00C04F79EFBC}") = "SharpVectors.Core_NET4", "ExternalLibs\SharpVector\SharpVectorCore\SharpVectors.Core_NET4.csproj", "{D6BB65FC-240E-4241-B2ED-A7FB3F13E978}"
EndProject
Project("{FAE04EC0-301F-11D3-BF4B-00C04F79EFBC}") = "SoundTouch.Net_NET4", "..\..\..\urakawa-sdk\trunk\csharp\audio\SoundTouch.NET\SoundTouch.Net_NET4.csproj", "{EA570592-1FAB-412F-AA0C-159C947608CD}"
EndProject
Project("{FAE04EC0-301F-11D3-BF4B-00C04F79EFBC}") = "WPFMediaKit_NET4", "ExternalLibs\WPFMediaKit\WPFMediaKit_NET4.csproj", "{6030628D-EE93-4D61-B6BE-8B6AE99F3935}"
EndProject
Project("{FAE04EC0-301F-11D3-BF4B-00C04F79EFBC}") = "SaxNET_NET4", "ExternalLibs\SaxNET\SaxNET_NET4.csproj", "{15655D56-6C48-4F93-AD3A-D0DEA9A79B19}"
EndProject
Global
	GlobalSection(SolutionConfigurationPlatforms) = preSolution
		Debug|Any CPU = Debug|Any CPU
		Documentation|Any CPU = Documentation|Any CPU
		Minimal Debug|Any CPU = Minimal Debug|Any CPU
		Release with Code Analysis|Any CPU = Release with Code Analysis|Any CPU
		Release|Any CPU = Release|Any CPU
		test|Any CPU = test|Any CPU
	EndGlobalSection
	GlobalSection(ProjectConfigurationPlatforms) = postSolution
		{0C5E9D1D-FC0F-4DC4-A4A5-32FEAF08349F}.Debug|Any CPU.ActiveCfg = Debug|Any CPU
		{0C5E9D1D-FC0F-4DC4-A4A5-32FEAF08349F}.Debug|Any CPU.Build.0 = Debug|Any CPU
		{0C5E9D1D-FC0F-4DC4-A4A5-32FEAF08349F}.Documentation|Any CPU.ActiveCfg = Debug|Any CPU
		{0C5E9D1D-FC0F-4DC4-A4A5-32FEAF08349F}.Documentation|Any CPU.Build.0 = Debug|Any CPU
		{0C5E9D1D-FC0F-4DC4-A4A5-32FEAF08349F}.Minimal Debug|Any CPU.ActiveCfg = Debug|Any CPU
		{0C5E9D1D-FC0F-4DC4-A4A5-32FEAF08349F}.Minimal Debug|Any CPU.Build.0 = Debug|Any CPU
		{0C5E9D1D-FC0F-4DC4-A4A5-32FEAF08349F}.Release with Code Analysis|Any CPU.ActiveCfg = Release|Any CPU
		{0C5E9D1D-FC0F-4DC4-A4A5-32FEAF08349F}.Release with Code Analysis|Any CPU.Build.0 = Release|Any CPU
		{0C5E9D1D-FC0F-4DC4-A4A5-32FEAF08349F}.Release|Any CPU.ActiveCfg = Release|Any CPU
		{0C5E9D1D-FC0F-4DC4-A4A5-32FEAF08349F}.Release|Any CPU.Build.0 = Release|Any CPU
		{0C5E9D1D-FC0F-4DC4-A4A5-32FEAF08349F}.test|Any CPU.ActiveCfg = Release|Any CPU
		{0C5E9D1D-FC0F-4DC4-A4A5-32FEAF08349F}.test|Any CPU.Build.0 = Release|Any CPU
		{15655D56-6C48-4F93-AD3A-D0DEA9A79B19}.Debug|Any CPU.ActiveCfg = Debug|Any CPU
		{15655D56-6C48-4F93-AD3A-D0DEA9A79B19}.Debug|Any CPU.Build.0 = Debug|Any CPU
		{15655D56-6C48-4F93-AD3A-D0DEA9A79B19}.Documentation|Any CPU.ActiveCfg = Debug|Any CPU
		{15655D56-6C48-4F93-AD3A-D0DEA9A79B19}.Documentation|Any CPU.Build.0 = Debug|Any CPU
		{15655D56-6C48-4F93-AD3A-D0DEA9A79B19}.Minimal Debug|Any CPU.ActiveCfg = Debug|Any CPU
		{15655D56-6C48-4F93-AD3A-D0DEA9A79B19}.Minimal Debug|Any CPU.Build.0 = Debug|Any CPU
		{15655D56-6C48-4F93-AD3A-D0DEA9A79B19}.Release with Code Analysis|Any CPU.ActiveCfg = Release|Any CPU
		{15655D56-6C48-4F93-AD3A-D0DEA9A79B19}.Release with Code Analysis|Any CPU.Build.0 = Release|Any CPU
		{15655D56-6C48-4F93-AD3A-D0DEA9A79B19}.Release|Any CPU.ActiveCfg = Release|Any CPU
		{15655D56-6C48-4F93-AD3A-D0DEA9A79B19}.Release|Any CPU.Build.0 = Release|Any CPU
		{15655D56-6C48-4F93-AD3A-D0DEA9A79B19}.test|Any CPU.ActiveCfg = Release|Any CPU
		{15655D56-6C48-4F93-AD3A-D0DEA9A79B19}.test|Any CPU.Build.0 = Release|Any CPU
		{17831F3B-6B82-4916-BD2B-2CE2071EA622}.Debug|Any CPU.ActiveCfg = Debug|Any CPU
		{17831F3B-6B82-4916-BD2B-2CE2071EA622}.Debug|Any CPU.Build.0 = Debug|Any CPU
		{17831F3B-6B82-4916-BD2B-2CE2071EA622}.Documentation|Any CPU.ActiveCfg = Debug|Any CPU
		{17831F3B-6B82-4916-BD2B-2CE2071EA622}.Documentation|Any CPU.Build.0 = Debug|Any CPU
		{17831F3B-6B82-4916-BD2B-2CE2071EA622}.Minimal Debug|Any CPU.ActiveCfg = Debug|Any CPU
		{17831F3B-6B82-4916-BD2B-2CE2071EA622}.Minimal Debug|Any CPU.Build.0 = Debug|Any CPU
		{17831F3B-6B82-4916-BD2B-2CE2071EA622}.Release with Code Analysis|Any CPU.ActiveCfg = Release|Any CPU
		{17831F3B-6B82-4916-BD2B-2CE2071EA622}.Release with Code Analysis|Any CPU.Build.0 = Release|Any CPU
		{17831F3B-6B82-4916-BD2B-2CE2071EA622}.Release|Any CPU.ActiveCfg = Release|Any CPU
		{17831F3B-6B82-4916-BD2B-2CE2071EA622}.Release|Any CPU.Build.0 = Release|Any CPU
		{17831F3B-6B82-4916-BD2B-2CE2071EA622}.test|Any CPU.ActiveCfg = Release|Any CPU
		{17831F3B-6B82-4916-BD2B-2CE2071EA622}.test|Any CPU.Build.0 = Release|Any CPU
		{24A770F8-AF0E-400F-8ABB-3FD68617103E}.Debug|Any CPU.ActiveCfg = Debug|Any CPU
		{24A770F8-AF0E-400F-8ABB-3FD68617103E}.Debug|Any CPU.Build.0 = Debug|Any CPU
		{24A770F8-AF0E-400F-8ABB-3FD68617103E}.Documentation|Any CPU.ActiveCfg = Debug|Any CPU
		{24A770F8-AF0E-400F-8ABB-3FD68617103E}.Documentation|Any CPU.Build.0 = Debug|Any CPU
		{24A770F8-AF0E-400F-8ABB-3FD68617103E}.Minimal Debug|Any CPU.ActiveCfg = Debug|Any CPU
		{24A770F8-AF0E-400F-8ABB-3FD68617103E}.Minimal Debug|Any CPU.Build.0 = Debug|Any CPU
		{24A770F8-AF0E-400F-8ABB-3FD68617103E}.Release with Code Analysis|Any CPU.ActiveCfg = Release|Any CPU
		{24A770F8-AF0E-400F-8ABB-3FD68617103E}.Release with Code Analysis|Any CPU.Build.0 = Release|Any CPU
		{24A770F8-AF0E-400F-8ABB-3FD68617103E}.Release|Any CPU.ActiveCfg = Release|Any CPU
		{24A770F8-AF0E-400F-8ABB-3FD68617103E}.Release|Any CPU.Build.0 = Release|Any CPU
		{24A770F8-AF0E-400F-8ABB-3FD68617103E}.test|Any CPU.ActiveCfg = Release|Any CPU
		{24A770F8-AF0E-400F-8ABB-3FD68617103E}.test|Any CPU.Build.0 = Release|Any CPU
		{2BA3495E-8895-4D67-866C-C60BBA3C08D5}.Debug|Any CPU.ActiveCfg = Debug|Any CPU
		{2BA3495E-8895-4D67-866C-C60BBA3C08D5}.Debug|Any CPU.Build.0 = Debug|Any CPU
		{2BA3495E-8895-4D67-866C-C60BBA3C08D5}.Documentation|Any CPU.ActiveCfg = Debug|Any CPU
		{2BA3495E-8895-4D67-866C-C60BBA3C08D5}.Documentation|Any CPU.Build.0 = Debug|Any CPU
		{2BA3495E-8895-4D67-866C-C60BBA3C08D5}.Minimal Debug|Any CPU.ActiveCfg = Debug|Any CPU
		{2BA3495E-8895-4D67-866C-C60BBA3C08D5}.Minimal Debug|Any CPU.Build.0 = Debug|Any CPU
		{2BA3495E-8895-4D67-866C-C60BBA3C08D5}.Release with Code Analysis|Any CPU.ActiveCfg = Release|Any CPU
		{2BA3495E-8895-4D67-866C-C60BBA3C08D5}.Release with Code Analysis|Any CPU.Build.0 = Release|Any CPU
		{2BA3495E-8895-4D67-866C-C60BBA3C08D5}.Release|Any CPU.ActiveCfg = Release|Any CPU
		{2BA3495E-8895-4D67-866C-C60BBA3C08D5}.Release|Any CPU.Build.0 = Release|Any CPU
		{2BA3495E-8895-4D67-866C-C60BBA3C08D5}.test|Any CPU.ActiveCfg = Release|Any CPU
		{2BA3495E-8895-4D67-866C-C60BBA3C08D5}.test|Any CPU.Build.0 = Release|Any CPU
		{2BA3495E-8895-4D67-866C-C60BCA3C08A6}.Debug|Any CPU.ActiveCfg = Debug|Any CPU
		{2BA3495E-8895-4D67-866C-C60BCA3C08A6}.Debug|Any CPU.Build.0 = Debug|Any CPU
		{2BA3495E-8895-4D67-866C-C60BCA3C08A6}.Documentation|Any CPU.ActiveCfg = Debug|Any CPU
		{2BA3495E-8895-4D67-866C-C60BCA3C08A6}.Documentation|Any CPU.Build.0 = Debug|Any CPU
		{2BA3495E-8895-4D67-866C-C60BCA3C08A6}.Minimal Debug|Any CPU.ActiveCfg = Debug|Any CPU
		{2BA3495E-8895-4D67-866C-C60BCA3C08A6}.Minimal Debug|Any CPU.Build.0 = Debug|Any CPU
		{2BA3495E-8895-4D67-866C-C60BCA3C08A6}.Release with Code Analysis|Any CPU.ActiveCfg = Release|Any CPU
		{2BA3495E-8895-4D67-866C-C60BCA3C08A6}.Release with Code Analysis|Any CPU.Build.0 = Release|Any CPU
		{2BA3495E-8895-4D67-866C-C60BCA3C08A6}.Release|Any CPU.ActiveCfg = Release|Any CPU
		{2BA3495E-8895-4D67-866C-C60BCA3C08A6}.Release|Any CPU.Build.0 = Release|Any CPU
		{2BA3495E-8895-4D67-866C-C60BCA3C08A6}.test|Any CPU.ActiveCfg = Release|Any CPU
		{2BA3495E-8895-4D67-866C-C60BCA3C08A6}.test|Any CPU.Build.0 = Release|Any CPU
		{2CD52982-A1C2-4A14-9D69-D64719357216}.Debug|Any CPU.ActiveCfg = Debug|Any CPU
		{2CD52982-A1C2-4A14-9D69-D64719357216}.Debug|Any CPU.Build.0 = Debug|Any CPU
		{2CD52982-A1C2-4A14-9D69-D64719357216}.Documentation|Any CPU.ActiveCfg = Debug|Any CPU
		{2CD52982-A1C2-4A14-9D69-D64719357216}.Documentation|Any CPU.Build.0 = Debug|Any CPU
		{2CD52982-A1C2-4A14-9D69-D64719357216}.Minimal Debug|Any CPU.ActiveCfg = Debug|Any CPU
		{2CD52982-A1C2-4A14-9D69-D64719357216}.Minimal Debug|Any CPU.Build.0 = Debug|Any CPU
		{2CD52982-A1C2-4A14-9D69-D64719357216}.Release with Code Analysis|Any CPU.ActiveCfg = Release|Any CPU
		{2CD52982-A1C2-4A14-9D69-D64719357216}.Release with Code Analysis|Any CPU.Build.0 = Release|Any CPU
		{2CD52982-A1C2-4A14-9D69-D64719357216}.Release|Any CPU.ActiveCfg = Release|Any CPU
		{2CD52982-A1C2-4A14-9D69-D64719357216}.Release|Any CPU.Build.0 = Release|Any CPU
		{2CD52982-A1C2-4A14-9D69-D64719357216}.test|Any CPU.ActiveCfg = Release|Any CPU
		{2CD52982-A1C2-4A14-9D69-D64719357216}.test|Any CPU.Build.0 = Release|Any CPU
		{3393A6E2-BB27-4D53-ACAA-629723D51F5E}.Debug|Any CPU.ActiveCfg = Debug|Any CPU
		{3393A6E2-BB27-4D53-ACAA-629723D51F5E}.Debug|Any CPU.Build.0 = Debug|Any CPU
		{3393A6E2-BB27-4D53-ACAA-629723D51F5E}.Documentation|Any CPU.ActiveCfg = Debug|Any CPU
		{3393A6E2-BB27-4D53-ACAA-629723D51F5E}.Documentation|Any CPU.Build.0 = Debug|Any CPU
		{3393A6E2-BB27-4D53-ACAA-629723D51F5E}.Minimal Debug|Any CPU.ActiveCfg = Debug|Any CPU
		{3393A6E2-BB27-4D53-ACAA-629723D51F5E}.Minimal Debug|Any CPU.Build.0 = Debug|Any CPU
		{3393A6E2-BB27-4D53-ACAA-629723D51F5E}.Release with Code Analysis|Any CPU.ActiveCfg = Release|Any CPU
		{3393A6E2-BB27-4D53-ACAA-629723D51F5E}.Release with Code Analysis|Any CPU.Build.0 = Release|Any CPU
		{3393A6E2-BB27-4D53-ACAA-629723D51F5E}.Release|Any CPU.ActiveCfg = Release|Any CPU
		{3393A6E2-BB27-4D53-ACAA-629723D51F5E}.Release|Any CPU.Build.0 = Release|Any CPU
		{3393A6E2-BB27-4D53-ACAA-629723D51F5E}.test|Any CPU.ActiveCfg = Release|Any CPU
		{3393A6E2-BB27-4D53-ACAA-629723D51F5E}.test|Any CPU.Build.0 = Release|Any CPU
		{341678A8-F3B5-43BF-8505-69B4ED969B53}.Debug|Any CPU.ActiveCfg = Debug|Any CPU
		{341678A8-F3B5-43BF-8505-69B4ED969B53}.Debug|Any CPU.Build.0 = Debug|Any CPU
		{341678A8-F3B5-43BF-8505-69B4ED969B53}.Documentation|Any CPU.ActiveCfg = Debug|Any CPU
		{341678A8-F3B5-43BF-8505-69B4ED969B53}.Documentation|Any CPU.Build.0 = Debug|Any CPU
		{341678A8-F3B5-43BF-8505-69B4ED969B53}.Minimal Debug|Any CPU.ActiveCfg = Debug|Any CPU
		{341678A8-F3B5-43BF-8505-69B4ED969B53}.Minimal Debug|Any CPU.Build.0 = Debug|Any CPU
		{341678A8-F3B5-43BF-8505-69B4ED969B53}.Release with Code Analysis|Any CPU.ActiveCfg = Release|Any CPU
		{341678A8-F3B5-43BF-8505-69B4ED969B53}.Release with Code Analysis|Any CPU.Build.0 = Release|Any CPU
		{341678A8-F3B5-43BF-8505-69B4ED969B53}.Release|Any CPU.ActiveCfg = Release|Any CPU
		{341678A8-F3B5-43BF-8505-69B4ED969B53}.Release|Any CPU.Build.0 = Release|Any CPU
		{341678A8-F3B5-43BF-8505-69B4ED969B53}.test|Any CPU.ActiveCfg = Release|Any CPU
		{341678A8-F3B5-43BF-8505-69B4ED969B53}.test|Any CPU.Build.0 = Release|Any CPU
		{351B0A6E-2F6B-497A-844B-DCB5A502FB0D}.Debug|Any CPU.ActiveCfg = Debug|Any CPU
		{351B0A6E-2F6B-497A-844B-DCB5A502FB0D}.Debug|Any CPU.Build.0 = Debug|Any CPU
		{351B0A6E-2F6B-497A-844B-DCB5A502FB0D}.Documentation|Any CPU.ActiveCfg = Documentation|Any CPU
		{351B0A6E-2F6B-497A-844B-DCB5A502FB0D}.Documentation|Any CPU.Build.0 = Documentation|Any CPU
		{351B0A6E-2F6B-497A-844B-DCB5A502FB0D}.Minimal Debug|Any CPU.ActiveCfg = Debug|Any CPU
		{351B0A6E-2F6B-497A-844B-DCB5A502FB0D}.Minimal Debug|Any CPU.Build.0 = Debug|Any CPU
		{351B0A6E-2F6B-497A-844B-DCB5A502FB0D}.Release with Code Analysis|Any CPU.ActiveCfg = Release|Any CPU
		{351B0A6E-2F6B-497A-844B-DCB5A502FB0D}.Release with Code Analysis|Any CPU.Build.0 = Release|Any CPU
		{351B0A6E-2F6B-497A-844B-DCB5A502FB0D}.Release|Any CPU.ActiveCfg = Release|Any CPU
		{351B0A6E-2F6B-497A-844B-DCB5A502FB0D}.Release|Any CPU.Build.0 = Release|Any CPU
		{351B0A6E-2F6B-497A-844B-DCB5A502FB0D}.test|Any CPU.ActiveCfg = Documentation|Any CPU
		{351B0A6E-2F6B-497A-844B-DCB5A502FB0D}.test|Any CPU.Build.0 = Documentation|Any CPU
		{3C21BB69-0F81-47D2-88E6-E4C08AD1460B}.Debug|Any CPU.ActiveCfg = Debug|Any CPU
		{3C21BB69-0F81-47D2-88E6-E4C08AD1460B}.Debug|Any CPU.Build.0 = Debug|Any CPU
		{3C21BB69-0F81-47D2-88E6-E4C08AD1460B}.Documentation|Any CPU.ActiveCfg = Debug|Any CPU
		{3C21BB69-0F81-47D2-88E6-E4C08AD1460B}.Documentation|Any CPU.Build.0 = Debug|Any CPU
		{3C21BB69-0F81-47D2-88E6-E4C08AD1460B}.Minimal Debug|Any CPU.ActiveCfg = Debug|Any CPU
		{3C21BB69-0F81-47D2-88E6-E4C08AD1460B}.Minimal Debug|Any CPU.Build.0 = Debug|Any CPU
		{3C21BB69-0F81-47D2-88E6-E4C08AD1460B}.Release with Code Analysis|Any CPU.ActiveCfg = Release|Any CPU
		{3C21BB69-0F81-47D2-88E6-E4C08AD1460B}.Release with Code Analysis|Any CPU.Build.0 = Release|Any CPU
		{3C21BB69-0F81-47D2-88E6-E4C08AD1460B}.Release|Any CPU.ActiveCfg = Release|Any CPU
		{3C21BB69-0F81-47D2-88E6-E4C08AD1460B}.Release|Any CPU.Build.0 = Release|Any CPU
		{3C21BB69-0F81-47D2-88E6-E4C08AD1460B}.test|Any CPU.ActiveCfg = Release|Any CPU
		{3C21BB69-0F81-47D2-88E6-E4C08AD1460B}.test|Any CPU.Build.0 = Release|Any CPU
		{4A42D266-BA34-4C4D-BE37-EA49CE6AABAB}.Debug|Any CPU.ActiveCfg = Debug|Any CPU
		{4A42D266-BA34-4C4D-BE37-EA49CE6AABAB}.Debug|Any CPU.Build.0 = Debug|Any CPU
		{4A42D266-BA34-4C4D-BE37-EA49CE6AABAB}.Documentation|Any CPU.ActiveCfg = Debug|Any CPU
		{4A42D266-BA34-4C4D-BE37-EA49CE6AABAB}.Documentation|Any CPU.Build.0 = Debug|Any CPU
		{4A42D266-BA34-4C4D-BE37-EA49CE6AABAB}.Minimal Debug|Any CPU.ActiveCfg = Debug|Any CPU
		{4A42D266-BA34-4C4D-BE37-EA49CE6AABAB}.Minimal Debug|Any CPU.Build.0 = Debug|Any CPU
		{4A42D266-BA34-4C4D-BE37-EA49CE6AABAB}.Release with Code Analysis|Any CPU.ActiveCfg = Release|Any CPU
		{4A42D266-BA34-4C4D-BE37-EA49CE6AABAB}.Release with Code Analysis|Any CPU.Build.0 = Release|Any CPU
		{4A42D266-BA34-4C4D-BE37-EA49CE6AABAB}.Release|Any CPU.ActiveCfg = Release|Any CPU
		{4A42D266-BA34-4C4D-BE37-EA49CE6AABAB}.Release|Any CPU.Build.0 = Release|Any CPU
		{4A42D266-BA34-4C4D-BE37-EA49CE6AABAB}.test|Any CPU.ActiveCfg = Release|Any CPU
		{4A42D266-BA34-4C4D-BE37-EA49CE6AABAB}.test|Any CPU.Build.0 = Release|Any CPU
		{526DAED8-C818-49B3-ADCB-9FBE44AA7088}.Debug|Any CPU.ActiveCfg = Debug|Any CPU
		{526DAED8-C818-49B3-ADCB-9FBE44AA7088}.Debug|Any CPU.Build.0 = Debug|Any CPU
		{526DAED8-C818-49B3-ADCB-9FBE44AA7088}.Documentation|Any CPU.ActiveCfg = Debug|Any CPU
		{526DAED8-C818-49B3-ADCB-9FBE44AA7088}.Documentation|Any CPU.Build.0 = Debug|Any CPU
		{526DAED8-C818-49B3-ADCB-9FBE44AA7088}.Minimal Debug|Any CPU.ActiveCfg = Debug|Any CPU
		{526DAED8-C818-49B3-ADCB-9FBE44AA7088}.Minimal Debug|Any CPU.Build.0 = Debug|Any CPU
		{526DAED8-C818-49B3-ADCB-9FBE44AA7088}.Release with Code Analysis|Any CPU.ActiveCfg = Release|Any CPU
		{526DAED8-C818-49B3-ADCB-9FBE44AA7088}.Release with Code Analysis|Any CPU.Build.0 = Release|Any CPU
		{526DAED8-C818-49B3-ADCB-9FBE44AA7088}.Release|Any CPU.ActiveCfg = Release|Any CPU
		{526DAED8-C818-49B3-ADCB-9FBE44AA7088}.Release|Any CPU.Build.0 = Release|Any CPU
		{526DAED8-C818-49B3-ADCB-9FBE44AA7088}.test|Any CPU.ActiveCfg = Release|Any CPU
		{526DAED8-C818-49B3-ADCB-9FBE44AA7088}.test|Any CPU.Build.0 = Release|Any CPU
		{5D336F48-3FB9-4382-B4B9-06974C764007}.Debug|Any CPU.ActiveCfg = Debug|Any CPU
		{5D336F48-3FB9-4382-B4B9-06974C764007}.Debug|Any CPU.Build.0 = Debug|Any CPU
		{5D336F48-3FB9-4382-B4B9-06974C764007}.Documentation|Any CPU.ActiveCfg = Documentation|Any CPU
		{5D336F48-3FB9-4382-B4B9-06974C764007}.Documentation|Any CPU.Build.0 = Documentation|Any CPU
		{5D336F48-3FB9-4382-B4B9-06974C764007}.Minimal Debug|Any CPU.ActiveCfg = Debug|Any CPU
		{5D336F48-3FB9-4382-B4B9-06974C764007}.Minimal Debug|Any CPU.Build.0 = Debug|Any CPU
		{5D336F48-3FB9-4382-B4B9-06974C764007}.Release with Code Analysis|Any CPU.ActiveCfg = Release|Any CPU
		{5D336F48-3FB9-4382-B4B9-06974C764007}.Release with Code Analysis|Any CPU.Build.0 = Release|Any CPU
		{5D336F48-3FB9-4382-B4B9-06974C764007}.Release|Any CPU.ActiveCfg = Release|Any CPU
		{5D336F48-3FB9-4382-B4B9-06974C764007}.Release|Any CPU.Build.0 = Release|Any CPU
		{5D336F48-3FB9-4382-B4B9-06974C764007}.test|Any CPU.ActiveCfg = Documentation|Any CPU
		{5D336F48-3FB9-4382-B4B9-06974C764007}.test|Any CPU.Build.0 = Documentation|Any CPU
		{5D599BFC-AA17-4D94-9BE6-6D369E214167}.Debug|Any CPU.ActiveCfg = Debug|Any CPU
		{5D599BFC-AA17-4D94-9BE6-6D369E214167}.Debug|Any CPU.Build.0 = Debug|Any CPU
		{5D599BFC-AA17-4D94-9BE6-6D369E214167}.Documentation|Any CPU.ActiveCfg = Debug|Any CPU
		{5D599BFC-AA17-4D94-9BE6-6D369E214167}.Documentation|Any CPU.Build.0 = Debug|Any CPU
		{5D599BFC-AA17-4D94-9BE6-6D369E214167}.Minimal Debug|Any CPU.ActiveCfg = Debug|Any CPU
		{5D599BFC-AA17-4D94-9BE6-6D369E214167}.Minimal Debug|Any CPU.Build.0 = Debug|Any CPU
		{5D599BFC-AA17-4D94-9BE6-6D369E214167}.Release with Code Analysis|Any CPU.ActiveCfg = Release|Any CPU
		{5D599BFC-AA17-4D94-9BE6-6D369E214167}.Release with Code Analysis|Any CPU.Build.0 = Release|Any CPU
		{5D599BFC-AA17-4D94-9BE6-6D369E214167}.Release|Any CPU.ActiveCfg = Release|Any CPU
		{5D599BFC-AA17-4D94-9BE6-6D369E214167}.Release|Any CPU.Build.0 = Release|Any CPU
		{5D599BFC-AA17-4D94-9BE6-6D369E214167}.test|Any CPU.ActiveCfg = Release|Any CPU
		{5D599BFC-AA17-4D94-9BE6-6D369E214167}.test|Any CPU.Build.0 = Release|Any CPU
		{6030628D-EE93-4D61-B6BE-8B6AE99F3935}.Debug|Any CPU.ActiveCfg = Debug|Any CPU
		{6030628D-EE93-4D61-B6BE-8B6AE99F3935}.Debug|Any CPU.Build.0 = Debug|Any CPU
		{6030628D-EE93-4D61-B6BE-8B6AE99F3935}.Documentation|Any CPU.ActiveCfg = Debug|Any CPU
		{6030628D-EE93-4D61-B6BE-8B6AE99F3935}.Documentation|Any CPU.Build.0 = Debug|Any CPU
		{6030628D-EE93-4D61-B6BE-8B6AE99F3935}.Minimal Debug|Any CPU.ActiveCfg = Debug|Any CPU
		{6030628D-EE93-4D61-B6BE-8B6AE99F3935}.Minimal Debug|Any CPU.Build.0 = Debug|Any CPU
		{6030628D-EE93-4D61-B6BE-8B6AE99F3935}.Release with Code Analysis|Any CPU.ActiveCfg = Release|Any CPU
		{6030628D-EE93-4D61-B6BE-8B6AE99F3935}.Release with Code Analysis|Any CPU.Build.0 = Release|Any CPU
		{6030628D-EE93-4D61-B6BE-8B6AE99F3935}.Release|Any CPU.ActiveCfg = Release|Any CPU
		{6030628D-EE93-4D61-B6BE-8B6AE99F3935}.Release|Any CPU.Build.0 = Release|Any CPU
		{6030628D-EE93-4D61-B6BE-8B6AE99F3935}.test|Any CPU.ActiveCfg = Release|Any CPU
		{6030628D-EE93-4D61-B6BE-8B6AE99F3935}.test|Any CPU.Build.0 = Release|Any CPU
		{620875F9-EE80-4D08-A603-C4347657E561}.Debug|Any CPU.ActiveCfg = Debug|Any CPU
		{620875F9-EE80-4D08-A603-C4347657E561}.Debug|Any CPU.Build.0 = Debug|Any CPU
		{620875F9-EE80-4D08-A603-C4347657E561}.Documentation|Any CPU.ActiveCfg = Debug|Any CPU
		{620875F9-EE80-4D08-A603-C4347657E561}.Documentation|Any CPU.Build.0 = Debug|Any CPU
		{620875F9-EE80-4D08-A603-C4347657E561}.Minimal Debug|Any CPU.ActiveCfg = Debug|Any CPU
		{620875F9-EE80-4D08-A603-C4347657E561}.Minimal Debug|Any CPU.Build.0 = Debug|Any CPU
		{620875F9-EE80-4D08-A603-C4347657E561}.Release with Code Analysis|Any CPU.ActiveCfg = Release|Any CPU
		{620875F9-EE80-4D08-A603-C4347657E561}.Release with Code Analysis|Any CPU.Build.0 = Release|Any CPU
		{620875F9-EE80-4D08-A603-C4347657E561}.Release|Any CPU.ActiveCfg = Release|Any CPU
		{620875F9-EE80-4D08-A603-C4347657E561}.Release|Any CPU.Build.0 = Release|Any CPU
		{620875F9-EE80-4D08-A603-C4347657E561}.test|Any CPU.ActiveCfg = Release|Any CPU
		{620875F9-EE80-4D08-A603-C4347657E561}.test|Any CPU.Build.0 = Release|Any CPU
		{64F90229-5944-4DBB-96A0-0E09E6BF5997}.Debug|Any CPU.ActiveCfg = Debug|Any CPU
		{64F90229-5944-4DBB-96A0-0E09E6BF5997}.Debug|Any CPU.Build.0 = Debug|Any CPU
		{64F90229-5944-4DBB-96A0-0E09E6BF5997}.Documentation|Any CPU.ActiveCfg = Debug|Any CPU
		{64F90229-5944-4DBB-96A0-0E09E6BF5997}.Documentation|Any CPU.Build.0 = Debug|Any CPU
		{64F90229-5944-4DBB-96A0-0E09E6BF5997}.Minimal Debug|Any CPU.ActiveCfg = Debug|Any CPU
		{64F90229-5944-4DBB-96A0-0E09E6BF5997}.Minimal Debug|Any CPU.Build.0 = Debug|Any CPU
		{64F90229-5944-4DBB-96A0-0E09E6BF5997}.Release with Code Analysis|Any CPU.ActiveCfg = Release|Any CPU
		{64F90229-5944-4DBB-96A0-0E09E6BF5997}.Release with Code Analysis|Any CPU.Build.0 = Release|Any CPU
		{64F90229-5944-4DBB-96A0-0E09E6BF5997}.Release|Any CPU.ActiveCfg = Release|Any CPU
		{64F90229-5944-4DBB-96A0-0E09E6BF5997}.Release|Any CPU.Build.0 = Release|Any CPU
		{64F90229-5944-4DBB-96A0-0E09E6BF5997}.test|Any CPU.ActiveCfg = Release|Any CPU
		{64F90229-5944-4DBB-96A0-0E09E6BF5997}.test|Any CPU.Build.0 = Release|Any CPU
		{698E4C51-9506-4CC5-94E2-31F5FD90532E}.Debug|Any CPU.ActiveCfg = Debug|Any CPU
		{698E4C51-9506-4CC5-94E2-31F5FD90532E}.Debug|Any CPU.Build.0 = Debug|Any CPU
		{698E4C51-9506-4CC5-94E2-31F5FD90532E}.Documentation|Any CPU.ActiveCfg = Debug|Any CPU
		{698E4C51-9506-4CC5-94E2-31F5FD90532E}.Documentation|Any CPU.Build.0 = Debug|Any CPU
		{698E4C51-9506-4CC5-94E2-31F5FD90532E}.Minimal Debug|Any CPU.ActiveCfg = Debug|Any CPU
		{698E4C51-9506-4CC5-94E2-31F5FD90532E}.Minimal Debug|Any CPU.Build.0 = Debug|Any CPU
		{698E4C51-9506-4CC5-94E2-31F5FD90532E}.Release with Code Analysis|Any CPU.ActiveCfg = Release|Any CPU
		{698E4C51-9506-4CC5-94E2-31F5FD90532E}.Release with Code Analysis|Any CPU.Build.0 = Release|Any CPU
		{698E4C51-9506-4CC5-94E2-31F5FD90532E}.Release|Any CPU.ActiveCfg = Release|Any CPU
		{698E4C51-9506-4CC5-94E2-31F5FD90532E}.Release|Any CPU.Build.0 = Release|Any CPU
		{698E4C51-9506-4CC5-94E2-31F5FD90532E}.test|Any CPU.ActiveCfg = Release|Any CPU
		{698E4C51-9506-4CC5-94E2-31F5FD90532E}.test|Any CPU.Build.0 = Release|Any CPU
		{69E083B4-AC97-4416-B7D4-61DEBA8A910D}.Debug|Any CPU.ActiveCfg = Debug|Any CPU
		{69E083B4-AC97-4416-B7D4-61DEBA8A910D}.Debug|Any CPU.Build.0 = Debug|Any CPU
		{69E083B4-AC97-4416-B7D4-61DEBA8A910D}.Documentation|Any CPU.ActiveCfg = Debug|Any CPU
		{69E083B4-AC97-4416-B7D4-61DEBA8A910D}.Documentation|Any CPU.Build.0 = Debug|Any CPU
		{69E083B4-AC97-4416-B7D4-61DEBA8A910D}.Minimal Debug|Any CPU.ActiveCfg = Debug|Any CPU
		{69E083B4-AC97-4416-B7D4-61DEBA8A910D}.Minimal Debug|Any CPU.Build.0 = Debug|Any CPU
		{69E083B4-AC97-4416-B7D4-61DEBA8A910D}.Release with Code Analysis|Any CPU.ActiveCfg = Release|Any CPU
		{69E083B4-AC97-4416-B7D4-61DEBA8A910D}.Release with Code Analysis|Any CPU.Build.0 = Release|Any CPU
		{69E083B4-AC97-4416-B7D4-61DEBA8A910D}.Release|Any CPU.ActiveCfg = Release|Any CPU
		{69E083B4-AC97-4416-B7D4-61DEBA8A910D}.Release|Any CPU.Build.0 = Release|Any CPU
		{69E083B4-AC97-4416-B7D4-61DEBA8A910D}.test|Any CPU.ActiveCfg = Release|Any CPU
		{69E083B4-AC97-4416-B7D4-61DEBA8A910D}.test|Any CPU.Build.0 = Release|Any CPU
		{6EE8E00A-DB7C-41A7-BC66-527CB4C08D83}.Debug|Any CPU.ActiveCfg = Debug|Any CPU
		{6EE8E00A-DB7C-41A7-BC66-527CB4C08D83}.Debug|Any CPU.Build.0 = Debug|Any CPU
		{6EE8E00A-DB7C-41A7-BC66-527CB4C08D83}.Documentation|Any CPU.ActiveCfg = Debug|Any CPU
		{6EE8E00A-DB7C-41A7-BC66-527CB4C08D83}.Documentation|Any CPU.Build.0 = Debug|Any CPU
		{6EE8E00A-DB7C-41A7-BC66-527CB4C08D83}.Minimal Debug|Any CPU.ActiveCfg = Debug|Any CPU
		{6EE8E00A-DB7C-41A7-BC66-527CB4C08D83}.Minimal Debug|Any CPU.Build.0 = Debug|Any CPU
		{6EE8E00A-DB7C-41A7-BC66-527CB4C08D83}.Release with Code Analysis|Any CPU.ActiveCfg = Release|Any CPU
		{6EE8E00A-DB7C-41A7-BC66-527CB4C08D83}.Release with Code Analysis|Any CPU.Build.0 = Release|Any CPU
		{6EE8E00A-DB7C-41A7-BC66-527CB4C08D83}.Release|Any CPU.ActiveCfg = Release|Any CPU
		{6EE8E00A-DB7C-41A7-BC66-527CB4C08D83}.Release|Any CPU.Build.0 = Release|Any CPU
		{6EE8E00A-DB7C-41A7-BC66-527CB4C08D83}.test|Any CPU.ActiveCfg = Release|Any CPU
		{6EE8E00A-DB7C-41A7-BC66-527CB4C08D83}.test|Any CPU.Build.0 = Release|Any CPU
		{74D1ED8A-5830-407C-9878-1ABFFC12E08F}.Debug|Any CPU.ActiveCfg = Debug|Any CPU
		{74D1ED8A-5830-407C-9878-1ABFFC12E08F}.Debug|Any CPU.Build.0 = Debug|Any CPU
		{74D1ED8A-5830-407C-9878-1ABFFC12E08F}.Documentation|Any CPU.ActiveCfg = Debug|Any CPU
		{74D1ED8A-5830-407C-9878-1ABFFC12E08F}.Documentation|Any CPU.Build.0 = Debug|Any CPU
		{74D1ED8A-5830-407C-9878-1ABFFC12E08F}.Minimal Debug|Any CPU.ActiveCfg = Debug|Any CPU
		{74D1ED8A-5830-407C-9878-1ABFFC12E08F}.Minimal Debug|Any CPU.Build.0 = Debug|Any CPU
		{74D1ED8A-5830-407C-9878-1ABFFC12E08F}.Release with Code Analysis|Any CPU.ActiveCfg = Release|Any CPU
		{74D1ED8A-5830-407C-9878-1ABFFC12E08F}.Release with Code Analysis|Any CPU.Build.0 = Release|Any CPU
		{74D1ED8A-5830-407C-9878-1ABFFC12E08F}.Release|Any CPU.ActiveCfg = Release|Any CPU
		{74D1ED8A-5830-407C-9878-1ABFFC12E08F}.Release|Any CPU.Build.0 = Release|Any CPU
		{74D1ED8A-5830-407C-9878-1ABFFC12E08F}.test|Any CPU.ActiveCfg = Release|Any CPU
		{74D1ED8A-5830-407C-9878-1ABFFC12E08F}.test|Any CPU.Build.0 = Release|Any CPU
		{77138947-1D13-4E22-AEE0-5D0DD046CA34}.Debug|Any CPU.ActiveCfg = Debug|Any CPU
		{77138947-1D13-4E22-AEE0-5D0DD046CA34}.Debug|Any CPU.Build.0 = Debug|Any CPU
		{77138947-1D13-4E22-AEE0-5D0DD046CA34}.Documentation|Any CPU.ActiveCfg = Debug|Any CPU
		{77138947-1D13-4E22-AEE0-5D0DD046CA34}.Documentation|Any CPU.Build.0 = Debug|Any CPU
		{77138947-1D13-4E22-AEE0-5D0DD046CA34}.Minimal Debug|Any CPU.ActiveCfg = Debug|Any CPU
		{77138947-1D13-4E22-AEE0-5D0DD046CA34}.Minimal Debug|Any CPU.Build.0 = Debug|Any CPU
		{77138947-1D13-4E22-AEE0-5D0DD046CA34}.Release with Code Analysis|Any CPU.ActiveCfg = Release|Any CPU
		{77138947-1D13-4E22-AEE0-5D0DD046CA34}.Release with Code Analysis|Any CPU.Build.0 = Release|Any CPU
		{77138947-1D13-4E22-AEE0-5D0DD046CA34}.Release|Any CPU.ActiveCfg = Release|Any CPU
		{77138947-1D13-4E22-AEE0-5D0DD046CA34}.Release|Any CPU.Build.0 = Release|Any CPU
		{77138947-1D13-4E22-AEE0-5D0DD046CA34}.test|Any CPU.ActiveCfg = Release|Any CPU
		{77138947-1D13-4E22-AEE0-5D0DD046CA34}.test|Any CPU.Build.0 = Release|Any CPU
		{7CCD52F9-C801-4C2B-AA9D-B7E217F307A0}.Debug|Any CPU.ActiveCfg = Debug|Any CPU
		{7CCD52F9-C801-4C2B-AA9D-B7E217F307A0}.Debug|Any CPU.Build.0 = Debug|Any CPU
		{7CCD52F9-C801-4C2B-AA9D-B7E217F307A0}.Documentation|Any CPU.ActiveCfg = Debug|Any CPU
		{7CCD52F9-C801-4C2B-AA9D-B7E217F307A0}.Documentation|Any CPU.Build.0 = Debug|Any CPU
		{7CCD52F9-C801-4C2B-AA9D-B7E217F307A0}.Minimal Debug|Any CPU.ActiveCfg = Minimal Debug|Any CPU
		{7CCD52F9-C801-4C2B-AA9D-B7E217F307A0}.Minimal Debug|Any CPU.Build.0 = Minimal Debug|Any CPU
		{7CCD52F9-C801-4C2B-AA9D-B7E217F307A0}.Release with Code Analysis|Any CPU.ActiveCfg = Release|Any CPU
		{7CCD52F9-C801-4C2B-AA9D-B7E217F307A0}.Release with Code Analysis|Any CPU.Build.0 = Release|Any CPU
		{7CCD52F9-C801-4C2B-AA9D-B7E217F307A0}.Release|Any CPU.ActiveCfg = Release|Any CPU
		{7CCD52F9-C801-4C2B-AA9D-B7E217F307A0}.Release|Any CPU.Build.0 = Release|Any CPU
		{7CCD52F9-C801-4C2B-AA9D-B7E217F307A0}.test|Any CPU.ActiveCfg = Minimal Debug|Any CPU
		{7CCD52F9-C801-4C2B-AA9D-B7E217F307A0}.test|Any CPU.Build.0 = Minimal Debug|Any CPU
		{7EFFCF20-A1AA-4668-A34C-A933C22FEEBA}.Debug|Any CPU.ActiveCfg = Debug|Any CPU
		{7EFFCF20-A1AA-4668-A34C-A933C22FEEBA}.Debug|Any CPU.Build.0 = Debug|Any CPU
		{7EFFCF20-A1AA-4668-A34C-A933C22FEEBA}.Documentation|Any CPU.ActiveCfg = Debug|Any CPU
		{7EFFCF20-A1AA-4668-A34C-A933C22FEEBA}.Documentation|Any CPU.Build.0 = Debug|Any CPU
		{7EFFCF20-A1AA-4668-A34C-A933C22FEEBA}.Minimal Debug|Any CPU.ActiveCfg = Debug|Any CPU
		{7EFFCF20-A1AA-4668-A34C-A933C22FEEBA}.Minimal Debug|Any CPU.Build.0 = Debug|Any CPU
		{7EFFCF20-A1AA-4668-A34C-A933C22FEEBA}.Release with Code Analysis|Any CPU.ActiveCfg = Release|Any CPU
		{7EFFCF20-A1AA-4668-A34C-A933C22FEEBA}.Release with Code Analysis|Any CPU.Build.0 = Release|Any CPU
		{7EFFCF20-A1AA-4668-A34C-A933C22FEEBA}.Release|Any CPU.ActiveCfg = Release|Any CPU
		{7EFFCF20-A1AA-4668-A34C-A933C22FEEBA}.Release|Any CPU.Build.0 = Release|Any CPU
		{7EFFCF20-A1AA-4668-A34C-A933C22FEEBA}.test|Any CPU.ActiveCfg = Release|Any CPU
		{7EFFCF20-A1AA-4668-A34C-A933C22FEEBA}.test|Any CPU.Build.0 = Release|Any CPU
		{834CAB58-648D-47CC-AC6F-D01C08C809A4}.Debug|Any CPU.ActiveCfg = Debug|Any CPU
		{834CAB58-648D-47CC-AC6F-D01C08C809A4}.Debug|Any CPU.Build.0 = Debug|Any CPU
		{834CAB58-648D-47CC-AC6F-D01C08C809A4}.Documentation|Any CPU.ActiveCfg = Debug|Any CPU
		{834CAB58-648D-47CC-AC6F-D01C08C809A4}.Documentation|Any CPU.Build.0 = Debug|Any CPU
		{834CAB58-648D-47CC-AC6F-D01C08C809A4}.Minimal Debug|Any CPU.ActiveCfg = Debug|Any CPU
		{834CAB58-648D-47CC-AC6F-D01C08C809A4}.Minimal Debug|Any CPU.Build.0 = Debug|Any CPU
		{834CAB58-648D-47CC-AC6F-D01C08C809A4}.Release with Code Analysis|Any CPU.ActiveCfg = Release|Any CPU
		{834CAB58-648D-47CC-AC6F-D01C08C809A4}.Release with Code Analysis|Any CPU.Build.0 = Release|Any CPU
		{834CAB58-648D-47CC-AC6F-D01C08C809A4}.Release|Any CPU.ActiveCfg = Release|Any CPU
		{834CAB58-648D-47CC-AC6F-D01C08C809A4}.Release|Any CPU.Build.0 = Release|Any CPU
		{834CAB58-648D-47CC-AC6F-D01C08C809A4}.test|Any CPU.ActiveCfg = test|Any CPU
		{834CAB58-648D-47CC-AC6F-D01C08C809A4}.test|Any CPU.Build.0 = test|Any CPU
		{85655D56-6C48-4F93-AD3A-D0DEA9A79B1C}.Debug|Any CPU.ActiveCfg = Debug|Any CPU
		{85655D56-6C48-4F93-AD3A-D0DEA9A79B1C}.Debug|Any CPU.Build.0 = Debug|Any CPU
		{85655D56-6C48-4F93-AD3A-D0DEA9A79B1C}.Documentation|Any CPU.ActiveCfg = Debug|Any CPU
		{85655D56-6C48-4F93-AD3A-D0DEA9A79B1C}.Documentation|Any CPU.Build.0 = Debug|Any CPU
		{85655D56-6C48-4F93-AD3A-D0DEA9A79B1C}.Minimal Debug|Any CPU.ActiveCfg = Debug|Any CPU
		{85655D56-6C48-4F93-AD3A-D0DEA9A79B1C}.Minimal Debug|Any CPU.Build.0 = Debug|Any CPU
		{85655D56-6C48-4F93-AD3A-D0DEA9A79B1C}.Release with Code Analysis|Any CPU.ActiveCfg = Release|Any CPU
		{85655D56-6C48-4F93-AD3A-D0DEA9A79B1C}.Release with Code Analysis|Any CPU.Build.0 = Release|Any CPU
		{85655D56-6C48-4F93-AD3A-D0DEA9A79B1C}.Release|Any CPU.ActiveCfg = Release|Any CPU
		{85655D56-6C48-4F93-AD3A-D0DEA9A79B1C}.Release|Any CPU.Build.0 = Release|Any CPU
		{85655D56-6C48-4F93-AD3A-D0DEA9A79B1C}.test|Any CPU.ActiveCfg = Release|Any CPU
		{85655D56-6C48-4F93-AD3A-D0DEA9A79B1C}.test|Any CPU.Build.0 = Release|Any CPU
		{A2576CE0-E492-490F-97E9-C0E7ABAFAF27}.Debug|Any CPU.ActiveCfg = Debug|Any CPU
		{A2576CE0-E492-490F-97E9-C0E7ABAFAF27}.Debug|Any CPU.Build.0 = Debug|Any CPU
		{A2576CE0-E492-490F-97E9-C0E7ABAFAF27}.Documentation|Any CPU.ActiveCfg = Documentation|Any CPU
		{A2576CE0-E492-490F-97E9-C0E7ABAFAF27}.Documentation|Any CPU.Build.0 = Documentation|Any CPU
		{A2576CE0-E492-490F-97E9-C0E7ABAFAF27}.Minimal Debug|Any CPU.ActiveCfg = Debug|Any CPU
		{A2576CE0-E492-490F-97E9-C0E7ABAFAF27}.Minimal Debug|Any CPU.Build.0 = Debug|Any CPU
		{A2576CE0-E492-490F-97E9-C0E7ABAFAF27}.Release with Code Analysis|Any CPU.ActiveCfg = Release|Any CPU
		{A2576CE0-E492-490F-97E9-C0E7ABAFAF27}.Release with Code Analysis|Any CPU.Build.0 = Release|Any CPU
		{A2576CE0-E492-490F-97E9-C0E7ABAFAF27}.Release|Any CPU.ActiveCfg = Release|Any CPU
		{A2576CE0-E492-490F-97E9-C0E7ABAFAF27}.Release|Any CPU.Build.0 = Release|Any CPU
		{A2576CE0-E492-490F-97E9-C0E7ABAFAF27}.test|Any CPU.ActiveCfg = Documentation|Any CPU
		{A2576CE0-E492-490F-97E9-C0E7ABAFAF27}.test|Any CPU.Build.0 = Documentation|Any CPU
		{A36AEF66-2411-4225-B68E-F2D29368A31B}.Debug|Any CPU.ActiveCfg = Debug|Any CPU
		{A36AEF66-2411-4225-B68E-F2D29368A31B}.Debug|Any CPU.Build.0 = Debug|Any CPU
		{A36AEF66-2411-4225-B68E-F2D29368A31B}.Documentation|Any CPU.ActiveCfg = Debug|Any CPU
		{A36AEF66-2411-4225-B68E-F2D29368A31B}.Documentation|Any CPU.Build.0 = Debug|Any CPU
		{A36AEF66-2411-4225-B68E-F2D29368A31B}.Minimal Debug|Any CPU.ActiveCfg = Debug|Any CPU
		{A36AEF66-2411-4225-B68E-F2D29368A31B}.Minimal Debug|Any CPU.Build.0 = Debug|Any CPU
		{A36AEF66-2411-4225-B68E-F2D29368A31B}.Release with Code Analysis|Any CPU.ActiveCfg = Debug|Any CPU
		{A36AEF66-2411-4225-B68E-F2D29368A31B}.Release with Code Analysis|Any CPU.Build.0 = Debug|Any CPU
		{A36AEF66-2411-4225-B68E-F2D29368A31B}.Release|Any CPU.ActiveCfg = Debug|Any CPU
		{A36AEF66-2411-4225-B68E-F2D29368A31B}.Release|Any CPU.Build.0 = Debug|Any CPU
		{A36AEF66-2411-4225-B68E-F2D29368A31B}.test|Any CPU.ActiveCfg = Debug|Any CPU
		{A36AEF66-2411-4225-B68E-F2D29368A31B}.test|Any CPU.Build.0 = Debug|Any CPU
		{A957D686-369A-4FFD-B8EC-0611741C9E41}.Debug|Any CPU.ActiveCfg = Debug|Any CPU
		{A957D686-369A-4FFD-B8EC-0611741C9E41}.Debug|Any CPU.Build.0 = Debug|Any CPU
		{A957D686-369A-4FFD-B8EC-0611741C9E41}.Documentation|Any CPU.ActiveCfg = Debug|Any CPU
		{A957D686-369A-4FFD-B8EC-0611741C9E41}.Documentation|Any CPU.Build.0 = Debug|Any CPU
		{A957D686-369A-4FFD-B8EC-0611741C9E41}.Minimal Debug|Any CPU.ActiveCfg = Debug|Any CPU
		{A957D686-369A-4FFD-B8EC-0611741C9E41}.Minimal Debug|Any CPU.Build.0 = Debug|Any CPU
		{A957D686-369A-4FFD-B8EC-0611741C9E41}.Release with Code Analysis|Any CPU.ActiveCfg = Release|Any CPU
		{A957D686-369A-4FFD-B8EC-0611741C9E41}.Release with Code Analysis|Any CPU.Build.0 = Release|Any CPU
		{A957D686-369A-4FFD-B8EC-0611741C9E41}.Release|Any CPU.ActiveCfg = Release|Any CPU
		{A957D686-369A-4FFD-B8EC-0611741C9E41}.Release|Any CPU.Build.0 = Release|Any CPU
		{A957D686-369A-4FFD-B8EC-0611741C9E41}.test|Any CPU.ActiveCfg = Release|Any CPU
		{A957D686-369A-4FFD-B8EC-0611741C9E41}.test|Any CPU.Build.0 = Release|Any CPU
		{CA624531-B5E6-4F6C-96E5-7B00DE9680FE}.Debug|Any CPU.ActiveCfg = Debug|Any CPU
		{CA624531-B5E6-4F6C-96E5-7B00DE9680FE}.Debug|Any CPU.Build.0 = Debug|Any CPU
		{CA624531-B5E6-4F6C-96E5-7B00DE9680FE}.Documentation|Any CPU.ActiveCfg = Debug|Any CPU
		{CA624531-B5E6-4F6C-96E5-7B00DE9680FE}.Documentation|Any CPU.Build.0 = Debug|Any CPU
		{CA624531-B5E6-4F6C-96E5-7B00DE9680FE}.Minimal Debug|Any CPU.ActiveCfg = Debug|Any CPU
		{CA624531-B5E6-4F6C-96E5-7B00DE9680FE}.Minimal Debug|Any CPU.Build.0 = Debug|Any CPU
		{CA624531-B5E6-4F6C-96E5-7B00DE9680FE}.Release with Code Analysis|Any CPU.ActiveCfg = Release|Any CPU
		{CA624531-B5E6-4F6C-96E5-7B00DE9680FE}.Release with Code Analysis|Any CPU.Build.0 = Release|Any CPU
		{CA624531-B5E6-4F6C-96E5-7B00DE9680FE}.Release|Any CPU.ActiveCfg = Release|Any CPU
		{CA624531-B5E6-4F6C-96E5-7B00DE9680FE}.Release|Any CPU.Build.0 = Release|Any CPU
		{CA624531-B5E6-4F6C-96E5-7B00DE9680FE}.test|Any CPU.ActiveCfg = Release|Any CPU
		{CA624531-B5E6-4F6C-96E5-7B00DE9680FE}.test|Any CPU.Build.0 = Release|Any CPU
		{D1E9484D-2C80-4E90-8A26-9228880539BF}.Debug|Any CPU.ActiveCfg = Debug|Any CPU
		{D1E9484D-2C80-4E90-8A26-9228880539BF}.Debug|Any CPU.Build.0 = Debug|Any CPU
		{D1E9484D-2C80-4E90-8A26-9228880539BF}.Documentation|Any CPU.ActiveCfg = Debug|Any CPU
		{D1E9484D-2C80-4E90-8A26-9228880539BF}.Documentation|Any CPU.Build.0 = Debug|Any CPU
		{D1E9484D-2C80-4E90-8A26-9228880539BF}.Minimal Debug|Any CPU.ActiveCfg = Debug|Any CPU
		{D1E9484D-2C80-4E90-8A26-9228880539BF}.Minimal Debug|Any CPU.Build.0 = Debug|Any CPU
		{D1E9484D-2C80-4E90-8A26-9228880539BF}.Release with Code Analysis|Any CPU.ActiveCfg = Release|Any CPU
		{D1E9484D-2C80-4E90-8A26-9228880539BF}.Release with Code Analysis|Any CPU.Build.0 = Release|Any CPU
		{D1E9484D-2C80-4E90-8A26-9228880539BF}.Release|Any CPU.ActiveCfg = Release|Any CPU
		{D1E9484D-2C80-4E90-8A26-9228880539BF}.Release|Any CPU.Build.0 = Release|Any CPU
		{D1E9484D-2C80-4E90-8A26-9228880539BF}.test|Any CPU.ActiveCfg = Release|Any CPU
		{D1E9484D-2C80-4E90-8A26-9228880539BF}.test|Any CPU.Build.0 = Release|Any CPU
		{D6BB65FC-240E-4241-B2ED-A7FB3F13E978}.Debug|Any CPU.ActiveCfg = Debug|Any CPU
		{D6BB65FC-240E-4241-B2ED-A7FB3F13E978}.Debug|Any CPU.Build.0 = Debug|Any CPU
		{D6BB65FC-240E-4241-B2ED-A7FB3F13E978}.Documentation|Any CPU.ActiveCfg = Documentation|Any CPU
		{D6BB65FC-240E-4241-B2ED-A7FB3F13E978}.Documentation|Any CPU.Build.0 = Documentation|Any CPU
		{D6BB65FC-240E-4241-B2ED-A7FB3F13E978}.Minimal Debug|Any CPU.ActiveCfg = Debug|Any CPU
		{D6BB65FC-240E-4241-B2ED-A7FB3F13E978}.Minimal Debug|Any CPU.Build.0 = Debug|Any CPU
		{D6BB65FC-240E-4241-B2ED-A7FB3F13E978}.Release with Code Analysis|Any CPU.ActiveCfg = Release|Any CPU
		{D6BB65FC-240E-4241-B2ED-A7FB3F13E978}.Release with Code Analysis|Any CPU.Build.0 = Release|Any CPU
		{D6BB65FC-240E-4241-B2ED-A7FB3F13E978}.Release|Any CPU.ActiveCfg = Release|Any CPU
		{D6BB65FC-240E-4241-B2ED-A7FB3F13E978}.Release|Any CPU.Build.0 = Release|Any CPU
		{D6BB65FC-240E-4241-B2ED-A7FB3F13E978}.test|Any CPU.ActiveCfg = Documentation|Any CPU
		{D6BB65FC-240E-4241-B2ED-A7FB3F13E978}.test|Any CPU.Build.0 = Documentation|Any CPU
		{DA4F02E3-0B5E-42CD-B8D9-5583FA51D66E}.Debug|Any CPU.ActiveCfg = Debug|Any CPU
		{DA4F02E3-0B5E-42CD-B8D9-5583FA51D66E}.Debug|Any CPU.Build.0 = Debug|Any CPU
		{DA4F02E3-0B5E-42CD-B8D9-5583FA51D66E}.Documentation|Any CPU.ActiveCfg = Debug|Any CPU
		{DA4F02E3-0B5E-42CD-B8D9-5583FA51D66E}.Documentation|Any CPU.Build.0 = Debug|Any CPU
		{DA4F02E3-0B5E-42CD-B8D9-5583FA51D66E}.Minimal Debug|Any CPU.ActiveCfg = Debug|Any CPU
		{DA4F02E3-0B5E-42CD-B8D9-5583FA51D66E}.Minimal Debug|Any CPU.Build.0 = Debug|Any CPU
		{DA4F02E3-0B5E-42CD-B8D9-5583FA51D66E}.Release with Code Analysis|Any CPU.ActiveCfg = Release|Any CPU
		{DA4F02E3-0B5E-42CD-B8D9-5583FA51D66E}.Release with Code Analysis|Any CPU.Build.0 = Release|Any CPU
		{DA4F02E3-0B5E-42CD-B8D9-5583FA51D66E}.Release|Any CPU.ActiveCfg = Release|Any CPU
		{DA4F02E3-0B5E-42CD-B8D9-5583FA51D66E}.Release|Any CPU.Build.0 = Release|Any CPU
		{DA4F02E3-0B5E-42CD-B8D9-5583FA51D66E}.test|Any CPU.ActiveCfg = Release|Any CPU
		{DA4F02E3-0B5E-42CD-B8D9-5583FA51D66E}.test|Any CPU.Build.0 = Release|Any CPU
		{E8056611-E49C-4BC3-A682-A629D5CEC11C}.Debug|Any CPU.ActiveCfg = Debug|Any CPU
		{E8056611-E49C-4BC3-A682-A629D5CEC11C}.Debug|Any CPU.Build.0 = Debug|Any CPU
		{E8056611-E49C-4BC3-A682-A629D5CEC11C}.Documentation|Any CPU.ActiveCfg = Debug|Any CPU
		{E8056611-E49C-4BC3-A682-A629D5CEC11C}.Documentation|Any CPU.Build.0 = Debug|Any CPU
		{E8056611-E49C-4BC3-A682-A629D5CEC11C}.Minimal Debug|Any CPU.ActiveCfg = Debug|Any CPU
		{E8056611-E49C-4BC3-A682-A629D5CEC11C}.Minimal Debug|Any CPU.Build.0 = Debug|Any CPU
		{E8056611-E49C-4BC3-A682-A629D5CEC11C}.Release with Code Analysis|Any CPU.ActiveCfg = Release|Any CPU
		{E8056611-E49C-4BC3-A682-A629D5CEC11C}.Release with Code Analysis|Any CPU.Build.0 = Release|Any CPU
		{E8056611-E49C-4BC3-A682-A629D5CEC11C}.Release|Any CPU.ActiveCfg = Release|Any CPU
		{E8056611-E49C-4BC3-A682-A629D5CEC11C}.Release|Any CPU.Build.0 = Release|Any CPU
		{E8056611-E49C-4BC3-A682-A629D5CEC11C}.test|Any CPU.ActiveCfg = Release|Any CPU
		{E8056611-E49C-4BC3-A682-A629D5CEC11C}.test|Any CPU.Build.0 = Release|Any CPU
		{EA570592-1FAB-412F-AA0C-159C947608CD}.Debug|Any CPU.ActiveCfg = Debug|Any CPU
		{EA570592-1FAB-412F-AA0C-159C947608CD}.Debug|Any CPU.Build.0 = Debug|Any CPU
		{EA570592-1FAB-412F-AA0C-159C947608CD}.Documentation|Any CPU.ActiveCfg = Debug|Any CPU
		{EA570592-1FAB-412F-AA0C-159C947608CD}.Documentation|Any CPU.Build.0 = Debug|Any CPU
		{EA570592-1FAB-412F-AA0C-159C947608CD}.Minimal Debug|Any CPU.ActiveCfg = Debug|Any CPU
		{EA570592-1FAB-412F-AA0C-159C947608CD}.Minimal Debug|Any CPU.Build.0 = Debug|Any CPU
		{EA570592-1FAB-412F-AA0C-159C947608CD}.Release with Code Analysis|Any CPU.ActiveCfg = Release|Any CPU
		{EA570592-1FAB-412F-AA0C-159C947608CD}.Release with Code Analysis|Any CPU.Build.0 = Release|Any CPU
		{EA570592-1FAB-412F-AA0C-159C947608CD}.Release|Any CPU.ActiveCfg = Release|Any CPU
		{EA570592-1FAB-412F-AA0C-159C947608CD}.Release|Any CPU.Build.0 = Release|Any CPU
		{EA570592-1FAB-412F-AA0C-159C947608CD}.test|Any CPU.ActiveCfg = Release|Any CPU
		{EA570592-1FAB-412F-AA0C-159C947608CD}.test|Any CPU.Build.0 = Release|Any CPU
		{EB2751C7-1A3D-441B-9EA3-96B7022900B8}.Debug|Any CPU.ActiveCfg = Debug|Any CPU
		{EB2751C7-1A3D-441B-9EA3-96B7022900B8}.Debug|Any CPU.Build.0 = Debug|Any CPU
		{EB2751C7-1A3D-441B-9EA3-96B7022900B8}.Documentation|Any CPU.ActiveCfg = Debug|Any CPU
		{EB2751C7-1A3D-441B-9EA3-96B7022900B8}.Documentation|Any CPU.Build.0 = Debug|Any CPU
		{EB2751C7-1A3D-441B-9EA3-96B7022900B8}.Minimal Debug|Any CPU.ActiveCfg = Debug|Any CPU
		{EB2751C7-1A3D-441B-9EA3-96B7022900B8}.Minimal Debug|Any CPU.Build.0 = Debug|Any CPU
		{EB2751C7-1A3D-441B-9EA3-96B7022900B8}.Release with Code Analysis|Any CPU.ActiveCfg = Release|Any CPU
		{EB2751C7-1A3D-441B-9EA3-96B7022900B8}.Release with Code Analysis|Any CPU.Build.0 = Release|Any CPU
		{EB2751C7-1A3D-441B-9EA3-96B7022900B8}.Release|Any CPU.ActiveCfg = Release|Any CPU
		{EB2751C7-1A3D-441B-9EA3-96B7022900B8}.Release|Any CPU.Build.0 = Release|Any CPU
		{EB2751C7-1A3D-441B-9EA3-96B7022900B8}.test|Any CPU.ActiveCfg = Release|Any CPU
		{EB2751C7-1A3D-441B-9EA3-96B7022900B8}.test|Any CPU.Build.0 = Release|Any CPU
		{EE1F752C-1FAB-41AD-AD63-857D0E62AB6B}.Debug|Any CPU.ActiveCfg = Debug|Any CPU
		{EE1F752C-1FAB-41AD-AD63-857D0E62AB6B}.Debug|Any CPU.Build.0 = Debug|Any CPU
		{EE1F752C-1FAB-41AD-AD63-857D0E62AB6B}.Documentation|Any CPU.ActiveCfg = Debug|Any CPU
		{EE1F752C-1FAB-41AD-AD63-857D0E62AB6B}.Documentation|Any CPU.Build.0 = Debug|Any CPU
		{EE1F752C-1FAB-41AD-AD63-857D0E62AB6B}.Minimal Debug|Any CPU.ActiveCfg = Debug|Any CPU
		{EE1F752C-1FAB-41AD-AD63-857D0E62AB6B}.Minimal Debug|Any CPU.Build.0 = Debug|Any CPU
		{EE1F752C-1FAB-41AD-AD63-857D0E62AB6B}.Release with Code Analysis|Any CPU.ActiveCfg = Release|Any CPU
		{EE1F752C-1FAB-41AD-AD63-857D0E62AB6B}.Release with Code Analysis|Any CPU.Build.0 = Release|Any CPU
		{EE1F752C-1FAB-41AD-AD63-857D0E62AB6B}.Release|Any CPU.ActiveCfg = Release|Any CPU
		{EE1F752C-1FAB-41AD-AD63-857D0E62AB6B}.Release|Any CPU.Build.0 = Release|Any CPU
		{EE1F752C-1FAB-41AD-AD63-857D0E62AB6B}.test|Any CPU.ActiveCfg = Release|Any CPU
		{EE1F752C-1FAB-41AD-AD63-857D0E62AB6B}.test|Any CPU.Build.0 = Release|Any CPU
		{F5302B20-CB41-4E2E-AB1D-AB4EC0AB8DB4}.Debug|Any CPU.ActiveCfg = Debug|Any CPU
		{F5302B20-CB41-4E2E-AB1D-AB4EC0AB8DB4}.Debug|Any CPU.Build.0 = Debug|Any CPU
		{F5302B20-CB41-4E2E-AB1D-AB4EC0AB8DB4}.Documentation|Any CPU.ActiveCfg = Debug|Any CPU
		{F5302B20-CB41-4E2E-AB1D-AB4EC0AB8DB4}.Documentation|Any CPU.Build.0 = Debug|Any CPU
		{F5302B20-CB41-4E2E-AB1D-AB4EC0AB8DB4}.Minimal Debug|Any CPU.ActiveCfg = Debug|Any CPU
		{F5302B20-CB41-4E2E-AB1D-AB4EC0AB8DB4}.Minimal Debug|Any CPU.Build.0 = Debug|Any CPU
		{F5302B20-CB41-4E2E-AB1D-AB4EC0AB8DB4}.Release with Code Analysis|Any CPU.ActiveCfg = Release|Any CPU
		{F5302B20-CB41-4E2E-AB1D-AB4EC0AB8DB4}.Release with Code Analysis|Any CPU.Build.0 = Release|Any CPU
		{F5302B20-CB41-4E2E-AB1D-AB4EC0AB8DB4}.Release|Any CPU.ActiveCfg = Release|Any CPU
		{F5302B20-CB41-4E2E-AB1D-AB4EC0AB8DB4}.Release|Any CPU.Build.0 = Release|Any CPU
		{F5302B20-CB41-4E2E-AB1D-AB4EC0AB8DB4}.test|Any CPU.ActiveCfg = Release|Any CPU
		{F5302B20-CB41-4E2E-AB1D-AB4EC0AB8DB4}.test|Any CPU.Build.0 = Release|Any CPU
		{F6516FB8-325F-43D5-AE86-01367B0F6181}.Debug|Any CPU.ActiveCfg = Debug|Any CPU
		{F6516FB8-325F-43D5-AE86-01367B0F6181}.Debug|Any CPU.Build.0 = Debug|Any CPU
		{F6516FB8-325F-43D5-AE86-01367B0F6181}.Documentation|Any CPU.ActiveCfg = Debug|Any CPU
		{F6516FB8-325F-43D5-AE86-01367B0F6181}.Documentation|Any CPU.Build.0 = Debug|Any CPU
		{F6516FB8-325F-43D5-AE86-01367B0F6181}.Minimal Debug|Any CPU.ActiveCfg = Debug|Any CPU
		{F6516FB8-325F-43D5-AE86-01367B0F6181}.Minimal Debug|Any CPU.Build.0 = Debug|Any CPU
		{F6516FB8-325F-43D5-AE86-01367B0F6181}.Release with Code Analysis|Any CPU.ActiveCfg = Release|Any CPU
		{F6516FB8-325F-43D5-AE86-01367B0F6181}.Release with Code Analysis|Any CPU.Build.0 = Release|Any CPU
		{F6516FB8-325F-43D5-AE86-01367B0F6181}.Release|Any CPU.ActiveCfg = Release|Any CPU
		{F6516FB8-325F-43D5-AE86-01367B0F6181}.Release|Any CPU.Build.0 = Release|Any CPU
		{F6516FB8-325F-43D5-AE86-01367B0F6181}.test|Any CPU.ActiveCfg = Release|Any CPU
		{F6516FB8-325F-43D5-AE86-01367B0F6181}.test|Any CPU.Build.0 = Release|Any CPU
		{FAF6D6B2-1EC9-4A1B-83BB-48F772E948CF}.Debug|Any CPU.ActiveCfg = Debug|Any CPU
		{FAF6D6B2-1EC9-4A1B-83BB-48F772E948CF}.Debug|Any CPU.Build.0 = Debug|Any CPU
		{FAF6D6B2-1EC9-4A1B-83BB-48F772E948CF}.Documentation|Any CPU.ActiveCfg = Debug|Any CPU
		{FAF6D6B2-1EC9-4A1B-83BB-48F772E948CF}.Documentation|Any CPU.Build.0 = Debug|Any CPU
		{FAF6D6B2-1EC9-4A1B-83BB-48F772E948CF}.Minimal Debug|Any CPU.ActiveCfg = Debug|Any CPU
		{FAF6D6B2-1EC9-4A1B-83BB-48F772E948CF}.Minimal Debug|Any CPU.Build.0 = Debug|Any CPU
		{FAF6D6B2-1EC9-4A1B-83BB-48F772E948CF}.Release with Code Analysis|Any CPU.ActiveCfg = Release|Any CPU
		{FAF6D6B2-1EC9-4A1B-83BB-48F772E948CF}.Release with Code Analysis|Any CPU.Build.0 = Release|Any CPU
		{FAF6D6B2-1EC9-4A1B-83BB-48F772E948CF}.Release|Any CPU.ActiveCfg = Release|Any CPU
		{FAF6D6B2-1EC9-4A1B-83BB-48F772E948CF}.Release|Any CPU.Build.0 = Release|Any CPU
		{FAF6D6B2-1EC9-4A1B-83BB-48F772E948CF}.test|Any CPU.ActiveCfg = Release|Any CPU
		{FAF6D6B2-1EC9-4A1B-83BB-48F772E948CF}.test|Any CPU.Build.0 = Release|Any CPU
		{FE34CBC0-D23C-4A95-BA64-83A031814010}.Debug|Any CPU.ActiveCfg = Debug|Any CPU
		{FE34CBC0-D23C-4A95-BA64-83A031814010}.Debug|Any CPU.Build.0 = Debug|Any CPU
		{FE34CBC0-D23C-4A95-BA64-83A031814010}.Documentation|Any CPU.ActiveCfg = Documentation|Any CPU
		{FE34CBC0-D23C-4A95-BA64-83A031814010}.Documentation|Any CPU.Build.0 = Documentation|Any CPU
		{FE34CBC0-D23C-4A95-BA64-83A031814010}.Minimal Debug|Any CPU.ActiveCfg = Debug|Any CPU
		{FE34CBC0-D23C-4A95-BA64-83A031814010}.Minimal Debug|Any CPU.Build.0 = Debug|Any CPU
		{FE34CBC0-D23C-4A95-BA64-83A031814010}.Release with Code Analysis|Any CPU.ActiveCfg = Release|Any CPU
		{FE34CBC0-D23C-4A95-BA64-83A031814010}.Release with Code Analysis|Any CPU.Build.0 = Release|Any CPU
		{FE34CBC0-D23C-4A95-BA64-83A031814010}.Release|Any CPU.ActiveCfg = Release|Any CPU
		{FE34CBC0-D23C-4A95-BA64-83A031814010}.Release|Any CPU.Build.0 = Release|Any CPU
		{FE34CBC0-D23C-4A95-BA64-83A031814010}.test|Any CPU.ActiveCfg = Documentation|Any CPU
		{FE34CBC0-D23C-4A95-BA64-83A031814010}.test|Any CPU.Build.0 = Documentation|Any CPU
	EndGlobalSection
	GlobalSection(SolutionProperties) = preSolution
		HideSolutionNode = FALSE
	EndGlobalSection
	GlobalSection(ExtensibilityGlobals) = postSolution
		SelectedEnterpriseLibraryConfigurationSet = EntLib41Src
	EndGlobalSection
EndGlobal
